PODS:
  - Alamofire (5.2.1)
  - SPAlert (2.1.4)
  - SwiftyJSON (4.3.0)

DEPENDENCIES:
  - Alamofire (~> 5.2)
  - SPAlert
  - SwiftyJSON (~> 4.0)

SPEC REPOS:
  trunk:
    - Alamofire
    - SPAlert
    - SwiftyJSON

SPEC CHECKSUMS:
  Alamofire: e911732990610fe89af59ac0077f923d72dc3dfd
  SPAlert: 1a8afa1c6ac86a82ab5b2cfdf7f9a51e68cb6c0c
  SwiftyJSON: 6faa0040f8b59dead0ee07436cbf76b73c08fd08

PODFILE CHECKSUM: a2ef431b99cb7fd2d182ca585231f4518731909b

COCOAPODS: 1.9.3
