// !$*UTF8*$!
{
	archiveVersion = 1;
	classes = {
	};
	objectVersion = 52;
	objects = {

/* Begin PBXBuildFile section */
		083D74F324A7783300989B47 /* Meal.swift in Sources */ = {isa = PBXBuildFile; fileRef = 083D74F224A7783300989B47 /* Meal.swift */; };
		083D74F524A778AA00989B47 /* Notice.swift in Sources */ = {isa = PBXBuildFile; fileRef = 083D74F424A778AA00989B47 /* Notice.swift */; };
		083D74F924A77A9E00989B47 /* Tokens.swift in Sources */ = {isa = PBXBuildFile; fileRef = 083D74F824A77A9E00989B47 /* Tokens.swift */; };
		0842D9E024A8ED6C00D0F330 /* TimetableItem.swift in Sources */ = {isa = PBXBuildFile; fileRef = 0842D9DF24A8ED6C00D0F330 /* TimetableItem.swift */; };
		086CC54D24AF816200456846 /* VSpacer.swift in Sources */ = {isa = PBXBuildFile; fileRef = 086CC54C24AF816200456846 /* VSpacer.swift */; };
		086CC54F24AF819400456846 /* HSpacer.swift in Sources */ = {isa = PBXBuildFile; fileRef = 086CC54E24AF819400456846 /* HSpacer.swift */; };
		086CC55124AF849D00456846 /* TextStyles.swift in Sources */ = {isa = PBXBuildFile; fileRef = 086CC55024AF849D00456846 /* TextStyles.swift */; };
		088E5D4D24A889CB0031342D /* RoundBoxModifier.swift in Sources */ = {isa = PBXBuildFile; fileRef = 088E5D4C24A889CB0031342D /* RoundBoxModifier.swift */; };
		088E5D4F24A88FD30031342D /* HeadlineModifier.swift in Sources */ = {isa = PBXBuildFile; fileRef = 088E5D4E24A88FD30031342D /* HeadlineModifier.swift */; };
		08B8493B24A90403000A9ACD /* TimetableRow.swift in Sources */ = {isa = PBXBuildFile; fileRef = 08B8493A24A90403000A9ACD /* TimetableRow.swift */; };
		08B8493D24A90432000A9ACD /* Timetable.swift in Sources */ = {isa = PBXBuildFile; fileRef = 08B8493C24A90432000A9ACD /* Timetable.swift */; };
		08B8493F24A90487000A9ACD /* TimetableView.swift in Sources */ = {isa = PBXBuildFile; fileRef = 08B8493E24A90487000A9ACD /* TimetableView.swift */; };
		08B8494124A9082A000A9ACD /* HelperTextModifier.swift in Sources */ = {isa = PBXBuildFile; fileRef = 08B8494024A9082A000A9ACD /* HelperTextModifier.swift */; };
		08C9ABE924A74A53002AF525 /* AppDelegate.swift in Sources */ = {isa = PBXBuildFile; fileRef = 08C9ABE824A74A53002AF525 /* AppDelegate.swift */; };
		08C9ABEB24A74A53002AF525 /* SceneDelegate.swift in Sources */ = {isa = PBXBuildFile; fileRef = 08C9ABEA24A74A53002AF525 /* SceneDelegate.swift */; };
		08C9ABED24A74A53002AF525 /* ContentView.swift in Sources */ = {isa = PBXBuildFile; fileRef = 08C9ABEC24A74A53002AF525 /* ContentView.swift */; };
		08C9ABEF24A74A54002AF525 /* Assets.xcassets in Resources */ = {isa = PBXBuildFile; fileRef = 08C9ABEE24A74A54002AF525 /* Assets.xcassets */; };
		08C9ABF224A74A54002AF525 /* Preview Assets.xcassets in Resources */ = {isa = PBXBuildFile; fileRef = 08C9ABF124A74A54002AF525 /* Preview Assets.xcassets */; };
		08C9ABF524A74A54002AF525 /* LaunchScreen.storyboard in Resources */ = {isa = PBXBuildFile; fileRef = 08C9ABF324A74A54002AF525 /* LaunchScreen.storyboard */; };
		08C9AC0F24A74A83002AF525 /* PrimaryButtonModifier.swift in Sources */ = {isa = PBXBuildFile; fileRef = 08C9ABFD24A74A83002AF525 /* PrimaryButtonModifier.swift */; };
		08C9AC1024A74A83002AF525 /* TextFieldModifier.swift in Sources */ = {isa = PBXBuildFile; fileRef = 08C9ABFE24A74A83002AF525 /* TextFieldModifier.swift */; };
		08C9AC1124A74A83002AF525 /* Ingang.swift in Sources */ = {isa = PBXBuildFile; fileRef = 08C9AC0024A74A83002AF525 /* Ingang.swift */; };
		08C9AC1224A74A83002AF525 /* NoticeListView.swift in Sources */ = {isa = PBXBuildFile; fileRef = 08C9AC0224A74A83002AF525 /* NoticeListView.swift */; };
		08C9AC1324A74A83002AF525 /* ProfileView.swift in Sources */ = {isa = PBXBuildFile; fileRef = 08C9AC0324A74A83002AF525 /* ProfileView.swift */; };
		08C9AC1424A74A83002AF525 /* LoginView.swift in Sources */ = {isa = PBXBuildFile; fileRef = 08C9AC0424A74A83002AF525 /* LoginView.swift */; };
		08C9AC1524A74A83002AF525 /* IngangListView.swift in Sources */ = {isa = PBXBuildFile; fileRef = 08C9AC0524A74A83002AF525 /* IngangListView.swift */; };
		08C9AC1624A74A83002AF525 /* MealListView.swift in Sources */ = {isa = PBXBuildFile; fileRef = 08C9AC0624A74A83002AF525 /* MealListView.swift */; };
		08C9AC1724A74A83002AF525 /* MainView.swift in Sources */ = {isa = PBXBuildFile; fileRef = 08C9AC0724A74A83002AF525 /* MainView.swift */; };
		08C9AC1824A74A83002AF525 /* NoticeItem.swift in Sources */ = {isa = PBXBuildFile; fileRef = 08C9AC0924A74A83002AF525 /* NoticeItem.swift */; };
		08C9AC1924A74A83002AF525 /* NoticeRow.swift in Sources */ = {isa = PBXBuildFile; fileRef = 08C9AC0A24A74A83002AF525 /* NoticeRow.swift */; };
		08C9AC1A24A74A83002AF525 /* MealRow.swift in Sources */ = {isa = PBXBuildFile; fileRef = 08C9AC0B24A74A83002AF525 /* MealRow.swift */; };
		08C9AC1B24A74A83002AF525 /* IngangRow.swift in Sources */ = {isa = PBXBuildFile; fileRef = 08C9AC0C24A74A83002AF525 /* IngangRow.swift */; };
		08C9AC1C24A74A83002AF525 /* IngangItem.swift in Sources */ = {isa = PBXBuildFile; fileRef = 08C9AC0D24A74A83002AF525 /* IngangItem.swift */; };
		08C9AC1D24A74A83002AF525 /* MealItem.swift in Sources */ = {isa = PBXBuildFile; fileRef = 08C9AC0E24A74A83002AF525 /* MealItem.swift */; };
		4212D98024CC124B00FF82D5 /* DateTime.swift in Sources */ = {isa = PBXBuildFile; fileRef = 4212D97F24CC124B00FF82D5 /* DateTime.swift */; };
		4212D98324CC6A0400FF82D5 /* User.swift in Sources */ = {isa = PBXBuildFile; fileRef = 4212D98224CC6A0400FF82D5 /* User.swift */; };
		42364EA724B0CFEC008427D5 /* NanumSquareLight.ttf in Resources */ = {isa = PBXBuildFile; fileRef = 42364EA324B0CFEC008427D5 /* NanumSquareLight.ttf */; };
		42364EA824B0CFEC008427D5 /* NanumSquareBold.ttf in Resources */ = {isa = PBXBuildFile; fileRef = 42364EA424B0CFEC008427D5 /* NanumSquareBold.ttf */; };
		42364EA924B0CFEC008427D5 /* NanumSquareExtraBold.ttf in Resources */ = {isa = PBXBuildFile; fileRef = 42364EA524B0CFEC008427D5 /* NanumSquareExtraBold.ttf */; };
		42364EAA24B0CFEC008427D5 /* NanumSquareRegular.ttf in Resources */ = {isa = PBXBuildFile; fileRef = 42364EA624B0CFEC008427D5 /* NanumSquareRegular.ttf */; };
		42364EAC24B14E02008427D5 /* KeyboardResponsive.swift in Sources */ = {isa = PBXBuildFile; fileRef = 42364EAB24B14E02008427D5 /* KeyboardResponsive.swift */; };
		423A9EEA24E026EC00E046BE /* OptionView.swift in Sources */ = {isa = PBXBuildFile; fileRef = 423A9EE924E026EC00E046BE /* OptionView.swift */; };
		423B71F024B191AF0099CE3E /* ClearButton.swift in Sources */ = {isa = PBXBuildFile; fileRef = 423B71EF24B191AF0099CE3E /* ClearButton.swift */; };
		423B71F224B1932E0099CE3E /* Background.swift in Sources */ = {isa = PBXBuildFile; fileRef = 423B71F124B1932E0099CE3E /* Background.swift */; };
		423B71F424B1B3F60099CE3E /* CustomBoxModifier.swift in Sources */ = {isa = PBXBuildFile; fileRef = 423B71F324B1B3F60099CE3E /* CustomBoxModifier.swift */; };
		4269748625464532006417F1 /* Assets.xcassets in Resources */ = {isa = PBXBuildFile; fileRef = 4269748525464532006417F1 /* Assets.xcassets */; };
		4269748D25464532006417F1 /* watchApp Extension.appex in Embed App Extensions */ = {isa = PBXBuildFile; fileRef = 4269748C25464532006417F1 /* watchApp Extension.appex */; settings = {ATTRIBUTES = (RemoveHeadersOnCopy, ); }; };
		4269749225464532006417F1 /* dimigoinApp.swift in Sources */ = {isa = PBXBuildFile; fileRef = 4269749125464532006417F1 /* dimigoinApp.swift */; };
		4269749425464532006417F1 /* ContentView.swift in Sources */ = {isa = PBXBuildFile; fileRef = 4269749325464532006417F1 /* ContentView.swift */; };
		4269749625464532006417F1 /* NotificationController.swift in Sources */ = {isa = PBXBuildFile; fileRef = 4269749525464532006417F1 /* NotificationController.swift */; };
		4269749825464532006417F1 /* NotificationView.swift in Sources */ = {isa = PBXBuildFile; fileRef = 4269749725464532006417F1 /* NotificationView.swift */; };
		4269749A25464532006417F1 /* ComplicationController.swift in Sources */ = {isa = PBXBuildFile; fileRef = 4269749925464532006417F1 /* ComplicationController.swift */; };
		4269749C25464533006417F1 /* Assets.xcassets in Resources */ = {isa = PBXBuildFile; fileRef = 4269749B25464533006417F1 /* Assets.xcassets */; };
		4269749F25464533006417F1 /* Preview Assets.xcassets in Resources */ = {isa = PBXBuildFile; fileRef = 4269749E25464533006417F1 /* Preview Assets.xcassets */; };
		426974A425464533006417F1 /* watchApp.app in Embed Watch Content */ = {isa = PBXBuildFile; fileRef = 4269748325464530006417F1 /* watchApp.app */; settings = {ATTRIBUTES = (RemoveHeadersOnCopy, ); }; };
		426974B625464911006417F1 /* Assets.xcassets in Resources */ = {isa = PBXBuildFile; fileRef = 08C9ABEE24A74A54002AF525 /* Assets.xcassets */; };
		426974B725464911006417F1 /* Assets.xcassets in Resources */ = {isa = PBXBuildFile; fileRef = 08C9ABEE24A74A54002AF525 /* Assets.xcassets */; };
		426974C525464920006417F1 /* TextStyles.swift in Sources */ = {isa = PBXBuildFile; fileRef = 086CC55024AF849D00456846 /* TextStyles.swift */; };
		426974CA25464988006417F1 /* DateTime.swift in Sources */ = {isa = PBXBuildFile; fileRef = 4212D97F24CC124B00FF82D5 /* DateTime.swift */; };
		426974D025464B4D006417F1 /* Alamofire in Frameworks */ = {isa = PBXBuildFile; productRef = 426974CF25464B4D006417F1 /* Alamofire */; };
		426974D225464B52006417F1 /* SwiftyJSON in Frameworks */ = {isa = PBXBuildFile; productRef = 426974D125464B52006417F1 /* SwiftyJSON */; };
		426974D725464DD2006417F1 /* Meal.swift in Sources */ = {isa = PBXBuildFile; fileRef = 083D74F224A7783300989B47 /* Meal.swift */; };
		4288B938253E57260022B11A /* Notification.swift in Sources */ = {isa = PBXBuildFile; fileRef = 4288B937253E57260022B11A /* Notification.swift */; };
		429039E724D45027005A25C0 /* ActivityIndicator.swift in Sources */ = {isa = PBXBuildFile; fileRef = 429039E624D45027005A25C0 /* ActivityIndicator.swift */; };
		429F8C79253B42A70068E3FD /* Options.swift in Sources */ = {isa = PBXBuildFile; fileRef = 429F8C78253B42A70068E3FD /* Options.swift */; };
		42B6DE9B24DBE5E700B1E299 /* SwiftyJSON in Frameworks */ = {isa = PBXBuildFile; productRef = 42B6DE9A24DBE5E700B1E299 /* SwiftyJSON */; };
		42B79D3C253ED242003A8A7F /* WidgetKit.framework in Frameworks */ = {isa = PBXBuildFile; fileRef = 420DE42124B4A70E00005663 /* WidgetKit.framework */; };
		42B79D3D253ED242003A8A7F /* SwiftUI.framework in Frameworks */ = {isa = PBXBuildFile; fileRef = 420DE42324B4A70E00005663 /* SwiftUI.framework */; };
		42B79D40253ED242003A8A7F /* Widget.swift in Sources */ = {isa = PBXBuildFile; fileRef = 42B79D3F253ED242003A8A7F /* Widget.swift */; };
		42B79D42253ED243003A8A7F /* Assets.xcassets in Resources */ = {isa = PBXBuildFile; fileRef = 42B79D41253ED243003A8A7F /* Assets.xcassets */; };
		42B79D46253ED243003A8A7F /* WidgetExtension.appex in Embed App Extensions */ = {isa = PBXBuildFile; fileRef = 42B79D3B253ED242003A8A7F /* WidgetExtension.appex */; settings = {ATTRIBUTES = (RemoveHeadersOnCopy, ); }; };
		42B79D57253F28CB003A8A7F /* Timetable.swift in Sources */ = {isa = PBXBuildFile; fileRef = 08B8493C24A90432000A9ACD /* Timetable.swift */; };
		42B79D63253F2B91003A8A7F /* DateTime.swift in Sources */ = {isa = PBXBuildFile; fileRef = 4212D97F24CC124B00FF82D5 /* DateTime.swift */; };
		42B79D66253F2B95003A8A7F /* TextStyles.swift in Sources */ = {isa = PBXBuildFile; fileRef = 086CC55024AF849D00456846 /* TextStyles.swift */; };
		42B79D69253F2B97003A8A7F /* VSpacer.swift in Sources */ = {isa = PBXBuildFile; fileRef = 086CC54C24AF816200456846 /* VSpacer.swift */; };
		42B79D6C253F2B99003A8A7F /* HSpacer.swift in Sources */ = {isa = PBXBuildFile; fileRef = 086CC54E24AF819400456846 /* HSpacer.swift */; };
		42B79D71253F2D5D003A8A7F /* Assets.xcassets in Resources */ = {isa = PBXBuildFile; fileRef = 08C9ABEE24A74A54002AF525 /* Assets.xcassets */; };
		42B79D75253FD56D003A8A7F /* SPAlert in Frameworks */ = {isa = PBXBuildFile; productRef = 42B79D74253FD56D003A8A7F /* SPAlert */; };
		42B79D78253FD5F4003A8A7F /* User.swift in Sources */ = {isa = PBXBuildFile; fileRef = 4212D98224CC6A0400FF82D5 /* User.swift */; };
		42B79D7C253FD5FE003A8A7F /* Alamofire in Frameworks */ = {isa = PBXBuildFile; productRef = 42B79D7B253FD5FE003A8A7F /* Alamofire */; };
		42B79D7E253FD601003A8A7F /* SwiftyJSON in Frameworks */ = {isa = PBXBuildFile; productRef = 42B79D7D253FD601003A8A7F /* SwiftyJSON */; };
		42B79D81253FD674003A8A7F /* Tokens.swift in Sources */ = {isa = PBXBuildFile; fileRef = 083D74F824A77A9E00989B47 /* Tokens.swift */; };
		42B79D84253FD678003A8A7F /* Meal.swift in Sources */ = {isa = PBXBuildFile; fileRef = 083D74F224A7783300989B47 /* Meal.swift */; };
		42B79D8D253FD7D7003A8A7F /* NextMealWidget.swift in Sources */ = {isa = PBXBuildFile; fileRef = 42B79D8C253FD7D7003A8A7F /* NextMealWidget.swift */; };
		42C487CA24DDB73000C594CB /* CopyrightText.swift in Sources */ = {isa = PBXBuildFile; fileRef = 42C487C924DDB73000C594CB /* CopyrightText.swift */; };
		42C4E4D324CEA8E3004EC6AF /* Alamofire in Frameworks */ = {isa = PBXBuildFile; productRef = 42C4E4D224CEA8E3004EC6AF /* Alamofire */; };
		42DBE5A92536BABE00E5F4EA /* Openas.ttf in Resources */ = {isa = PBXBuildFile; fileRef = 42DBE5A82536BABD00E5F4EA /* Openas.ttf */; };
		42F632D224CACFC400F1F439 /* SPAlert in Frameworks */ = {isa = PBXBuildFile; productRef = 42F632D124CACFC400F1F439 /* SPAlert */; };
		42F73BA8253FF4BF008E8B25 /* DailyMealWidget.swift in Sources */ = {isa = PBXBuildFile; fileRef = 42F73BA6253FF4BF008E8B25 /* DailyMealWidget.swift */; };
		42F73BAD25400F5D008E8B25 /* Openas.ttf in Resources */ = {isa = PBXBuildFile; fileRef = 42DBE5A82536BABD00E5F4EA /* Openas.ttf */; };
		42F73BB025400F5F008E8B25 /* NanumSquareBold.ttf in Resources */ = {isa = PBXBuildFile; fileRef = 42364EA424B0CFEC008427D5 /* NanumSquareBold.ttf */; };
		42F73BB325400F60008E8B25 /* NanumSquareExtraBold.ttf in Resources */ = {isa = PBXBuildFile; fileRef = 42364EA524B0CFEC008427D5 /* NanumSquareExtraBold.ttf */; };
		42F73BB625400F62008E8B25 /* NanumSquareRegular.ttf in Resources */ = {isa = PBXBuildFile; fileRef = 42364EA624B0CFEC008427D5 /* NanumSquareRegular.ttf */; };
		42F73BB925400F64008E8B25 /* NanumSquareLight.ttf in Resources */ = {isa = PBXBuildFile; fileRef = 42364EA324B0CFEC008427D5 /* NanumSquareLight.ttf */; };
/* End PBXBuildFile section */

/* Begin PBXContainerItemProxy section */
		4269748E25464532006417F1 /* PBXContainerItemProxy */ = {
			isa = PBXContainerItemProxy;
			containerPortal = 08C9ABDD24A74A53002AF525 /* Project object */;
			proxyType = 1;
			remoteGlobalIDString = 4269748B25464532006417F1;
			remoteInfo = "watchApp Extension";
		};
		426974A225464533006417F1 /* PBXContainerItemProxy */ = {
			isa = PBXContainerItemProxy;
			containerPortal = 08C9ABDD24A74A53002AF525 /* Project object */;
			proxyType = 1;
			remoteGlobalIDString = 4269748225464530006417F1;
			remoteInfo = watchApp;
		};
		42B79D44253ED243003A8A7F /* PBXContainerItemProxy */ = {
			isa = PBXContainerItemProxy;
			containerPortal = 08C9ABDD24A74A53002AF525 /* Project object */;
			proxyType = 1;
			remoteGlobalIDString = 42B79D3A253ED242003A8A7F;
			remoteInfo = WidgetExtension;
		};
/* End PBXContainerItemProxy section */

/* Begin PBXCopyFilesBuildPhase section */
		426974A525464533006417F1 /* Embed Watch Content */ = {
			isa = PBXCopyFilesBuildPhase;
			buildActionMask = 2147483647;
			dstPath = "$(CONTENTS_FOLDER_PATH)/Watch";
			dstSubfolderSpec = 16;
			files = (
				426974A425464533006417F1 /* watchApp.app in Embed Watch Content */,
			);
			name = "Embed Watch Content";
			runOnlyForDeploymentPostprocessing = 0;
		};
		426974A825464533006417F1 /* Embed App Extensions */ = {
			isa = PBXCopyFilesBuildPhase;
			buildActionMask = 2147483647;
			dstPath = "";
			dstSubfolderSpec = 13;
			files = (
				4269748D25464532006417F1 /* watchApp Extension.appex in Embed App Extensions */,
			);
			name = "Embed App Extensions";
			runOnlyForDeploymentPostprocessing = 0;
		};
		429FD88B24B202DA003A49AF /* Embed App Extensions */ = {
			isa = PBXCopyFilesBuildPhase;
			buildActionMask = 2147483647;
			dstPath = "";
			dstSubfolderSpec = 13;
			files = (
				42B79D46253ED243003A8A7F /* WidgetExtension.appex in Embed App Extensions */,
			);
			name = "Embed App Extensions";
			runOnlyForDeploymentPostprocessing = 0;
		};
/* End PBXCopyFilesBuildPhase section */

/* Begin PBXFileReference section */
		083D74F224A7783300989B47 /* Meal.swift */ = {isa = PBXFileReference; lastKnownFileType = sourcecode.swift; path = Meal.swift; sourceTree = "<group>"; };
		083D74F424A778AA00989B47 /* Notice.swift */ = {isa = PBXFileReference; lastKnownFileType = sourcecode.swift; path = Notice.swift; sourceTree = "<group>"; };
		083D74F824A77A9E00989B47 /* Tokens.swift */ = {isa = PBXFileReference; lastKnownFileType = sourcecode.swift; path = Tokens.swift; sourceTree = "<group>"; };
		0842D9DF24A8ED6C00D0F330 /* TimetableItem.swift */ = {isa = PBXFileReference; lastKnownFileType = sourcecode.swift; path = TimetableItem.swift; sourceTree = "<group>"; };
		086CC54C24AF816200456846 /* VSpacer.swift */ = {isa = PBXFileReference; lastKnownFileType = sourcecode.swift; path = VSpacer.swift; sourceTree = "<group>"; };
		086CC54E24AF819400456846 /* HSpacer.swift */ = {isa = PBXFileReference; lastKnownFileType = sourcecode.swift; path = HSpacer.swift; sourceTree = "<group>"; };
		086CC55024AF849D00456846 /* TextStyles.swift */ = {isa = PBXFileReference; lastKnownFileType = sourcecode.swift; path = TextStyles.swift; sourceTree = "<group>"; };
		088E5D4C24A889CB0031342D /* RoundBoxModifier.swift */ = {isa = PBXFileReference; lastKnownFileType = sourcecode.swift; path = RoundBoxModifier.swift; sourceTree = "<group>"; };
		088E5D4E24A88FD30031342D /* HeadlineModifier.swift */ = {isa = PBXFileReference; lastKnownFileType = sourcecode.swift; path = HeadlineModifier.swift; sourceTree = "<group>"; };
		08B8493A24A90403000A9ACD /* TimetableRow.swift */ = {isa = PBXFileReference; lastKnownFileType = sourcecode.swift; path = TimetableRow.swift; sourceTree = "<group>"; };
		08B8493C24A90432000A9ACD /* Timetable.swift */ = {isa = PBXFileReference; lastKnownFileType = sourcecode.swift; path = Timetable.swift; sourceTree = "<group>"; };
		08B8493E24A90487000A9ACD /* TimetableView.swift */ = {isa = PBXFileReference; lastKnownFileType = sourcecode.swift; path = TimetableView.swift; sourceTree = "<group>"; };
		08B8494024A9082A000A9ACD /* HelperTextModifier.swift */ = {isa = PBXFileReference; lastKnownFileType = sourcecode.swift; path = HelperTextModifier.swift; sourceTree = "<group>"; };
		08C9ABE524A74A53002AF525 /* DimigoIN.app */ = {isa = PBXFileReference; explicitFileType = wrapper.application; includeInIndex = 0; path = DimigoIN.app; sourceTree = BUILT_PRODUCTS_DIR; };
		08C9ABE824A74A53002AF525 /* AppDelegate.swift */ = {isa = PBXFileReference; lastKnownFileType = sourcecode.swift; path = AppDelegate.swift; sourceTree = "<group>"; };
		08C9ABEA24A74A53002AF525 /* SceneDelegate.swift */ = {isa = PBXFileReference; lastKnownFileType = sourcecode.swift; path = SceneDelegate.swift; sourceTree = "<group>"; };
		08C9ABEC24A74A53002AF525 /* ContentView.swift */ = {isa = PBXFileReference; lastKnownFileType = sourcecode.swift; path = ContentView.swift; sourceTree = "<group>"; };
		08C9ABEE24A74A54002AF525 /* Assets.xcassets */ = {isa = PBXFileReference; lastKnownFileType = folder.assetcatalog; path = Assets.xcassets; sourceTree = "<group>"; };
		08C9ABF124A74A54002AF525 /* Preview Assets.xcassets */ = {isa = PBXFileReference; lastKnownFileType = folder.assetcatalog; path = "Preview Assets.xcassets"; sourceTree = "<group>"; };
		08C9ABF424A74A54002AF525 /* Base */ = {isa = PBXFileReference; lastKnownFileType = file.storyboard; name = Base; path = Base.lproj/LaunchScreen.storyboard; sourceTree = "<group>"; };
		08C9ABF624A74A54002AF525 /* Info.plist */ = {isa = PBXFileReference; lastKnownFileType = text.plist.xml; path = Info.plist; sourceTree = "<group>"; };
		08C9ABFD24A74A83002AF525 /* PrimaryButtonModifier.swift */ = {isa = PBXFileReference; fileEncoding = 4; lastKnownFileType = sourcecode.swift; path = PrimaryButtonModifier.swift; sourceTree = "<group>"; };
		08C9ABFE24A74A83002AF525 /* TextFieldModifier.swift */ = {isa = PBXFileReference; fileEncoding = 4; lastKnownFileType = sourcecode.swift; path = TextFieldModifier.swift; sourceTree = "<group>"; };
		08C9AC0024A74A83002AF525 /* Ingang.swift */ = {isa = PBXFileReference; fileEncoding = 4; lastKnownFileType = sourcecode.swift; path = Ingang.swift; sourceTree = "<group>"; };
		08C9AC0224A74A83002AF525 /* NoticeListView.swift */ = {isa = PBXFileReference; fileEncoding = 4; lastKnownFileType = sourcecode.swift; path = NoticeListView.swift; sourceTree = "<group>"; };
		08C9AC0324A74A83002AF525 /* ProfileView.swift */ = {isa = PBXFileReference; fileEncoding = 4; lastKnownFileType = sourcecode.swift; path = ProfileView.swift; sourceTree = "<group>"; };
		08C9AC0424A74A83002AF525 /* LoginView.swift */ = {isa = PBXFileReference; fileEncoding = 4; lastKnownFileType = sourcecode.swift; path = LoginView.swift; sourceTree = "<group>"; };
		08C9AC0524A74A83002AF525 /* IngangListView.swift */ = {isa = PBXFileReference; fileEncoding = 4; lastKnownFileType = sourcecode.swift; path = IngangListView.swift; sourceTree = "<group>"; };
		08C9AC0624A74A83002AF525 /* MealListView.swift */ = {isa = PBXFileReference; fileEncoding = 4; lastKnownFileType = sourcecode.swift; path = MealListView.swift; sourceTree = "<group>"; };
		08C9AC0724A74A83002AF525 /* MainView.swift */ = {isa = PBXFileReference; fileEncoding = 4; lastKnownFileType = sourcecode.swift; path = MainView.swift; sourceTree = "<group>"; };
		08C9AC0924A74A83002AF525 /* NoticeItem.swift */ = {isa = PBXFileReference; fileEncoding = 4; lastKnownFileType = sourcecode.swift; path = NoticeItem.swift; sourceTree = "<group>"; };
		08C9AC0A24A74A83002AF525 /* NoticeRow.swift */ = {isa = PBXFileReference; fileEncoding = 4; lastKnownFileType = sourcecode.swift; path = NoticeRow.swift; sourceTree = "<group>"; };
		08C9AC0B24A74A83002AF525 /* MealRow.swift */ = {isa = PBXFileReference; fileEncoding = 4; lastKnownFileType = sourcecode.swift; path = MealRow.swift; sourceTree = "<group>"; };
		08C9AC0C24A74A83002AF525 /* IngangRow.swift */ = {isa = PBXFileReference; fileEncoding = 4; lastKnownFileType = sourcecode.swift; path = IngangRow.swift; sourceTree = "<group>"; };
		08C9AC0D24A74A83002AF525 /* IngangItem.swift */ = {isa = PBXFileReference; fileEncoding = 4; lastKnownFileType = sourcecode.swift; path = IngangItem.swift; sourceTree = "<group>"; };
		08C9AC0E24A74A83002AF525 /* MealItem.swift */ = {isa = PBXFileReference; fileEncoding = 4; lastKnownFileType = sourcecode.swift; path = MealItem.swift; sourceTree = "<group>"; };
		420DE42124B4A70E00005663 /* WidgetKit.framework */ = {isa = PBXFileReference; lastKnownFileType = wrapper.framework; name = WidgetKit.framework; path = System/Library/Frameworks/WidgetKit.framework; sourceTree = SDKROOT; };
		420DE42324B4A70E00005663 /* SwiftUI.framework */ = {isa = PBXFileReference; lastKnownFileType = wrapper.framework; name = SwiftUI.framework; path = System/Library/Frameworks/SwiftUI.framework; sourceTree = SDKROOT; };
		4212D96A24CBB24100FF82D5 /* IntentsUI.framework */ = {isa = PBXFileReference; lastKnownFileType = wrapper.framework; name = IntentsUI.framework; path = System/Library/Frameworks/IntentsUI.framework; sourceTree = SDKROOT; };
		4212D97F24CC124B00FF82D5 /* DateTime.swift */ = {isa = PBXFileReference; lastKnownFileType = sourcecode.swift; path = DateTime.swift; sourceTree = "<group>"; };
		4212D98224CC6A0400FF82D5 /* User.swift */ = {isa = PBXFileReference; lastKnownFileType = sourcecode.swift; path = User.swift; sourceTree = "<group>"; };
		42364EA324B0CFEC008427D5 /* NanumSquareLight.ttf */ = {isa = PBXFileReference; lastKnownFileType = file; path = NanumSquareLight.ttf; sourceTree = "<group>"; };
		42364EA424B0CFEC008427D5 /* NanumSquareBold.ttf */ = {isa = PBXFileReference; lastKnownFileType = file; path = NanumSquareBold.ttf; sourceTree = "<group>"; };
		42364EA524B0CFEC008427D5 /* NanumSquareExtraBold.ttf */ = {isa = PBXFileReference; lastKnownFileType = file; path = NanumSquareExtraBold.ttf; sourceTree = "<group>"; };
		42364EA624B0CFEC008427D5 /* NanumSquareRegular.ttf */ = {isa = PBXFileReference; lastKnownFileType = file; path = NanumSquareRegular.ttf; sourceTree = "<group>"; };
		42364EAB24B14E02008427D5 /* KeyboardResponsive.swift */ = {isa = PBXFileReference; lastKnownFileType = sourcecode.swift; path = KeyboardResponsive.swift; sourceTree = "<group>"; };
		423A9EE924E026EC00E046BE /* OptionView.swift */ = {isa = PBXFileReference; lastKnownFileType = sourcecode.swift; path = OptionView.swift; sourceTree = "<group>"; };
		423B71EF24B191AF0099CE3E /* ClearButton.swift */ = {isa = PBXFileReference; lastKnownFileType = sourcecode.swift; path = ClearButton.swift; sourceTree = "<group>"; };
		423B71F124B1932E0099CE3E /* Background.swift */ = {isa = PBXFileReference; lastKnownFileType = sourcecode.swift; path = Background.swift; sourceTree = "<group>"; };
		423B71F324B1B3F60099CE3E /* CustomBoxModifier.swift */ = {isa = PBXFileReference; lastKnownFileType = sourcecode.swift; path = CustomBoxModifier.swift; sourceTree = "<group>"; };
		4269748325464530006417F1 /* watchApp.app */ = {isa = PBXFileReference; explicitFileType = wrapper.application; includeInIndex = 0; path = watchApp.app; sourceTree = BUILT_PRODUCTS_DIR; };
		4269748525464532006417F1 /* Assets.xcassets */ = {isa = PBXFileReference; lastKnownFileType = folder.assetcatalog; path = Assets.xcassets; sourceTree = "<group>"; };
		4269748725464532006417F1 /* Info.plist */ = {isa = PBXFileReference; lastKnownFileType = text.plist.xml; path = Info.plist; sourceTree = "<group>"; };
		4269748C25464532006417F1 /* watchApp Extension.appex */ = {isa = PBXFileReference; explicitFileType = "wrapper.app-extension"; includeInIndex = 0; path = "watchApp Extension.appex"; sourceTree = BUILT_PRODUCTS_DIR; };
		4269749125464532006417F1 /* dimigoinApp.swift */ = {isa = PBXFileReference; lastKnownFileType = sourcecode.swift; path = dimigoinApp.swift; sourceTree = "<group>"; };
		4269749325464532006417F1 /* ContentView.swift */ = {isa = PBXFileReference; lastKnownFileType = sourcecode.swift; path = ContentView.swift; sourceTree = "<group>"; };
		4269749525464532006417F1 /* NotificationController.swift */ = {isa = PBXFileReference; lastKnownFileType = sourcecode.swift; path = NotificationController.swift; sourceTree = "<group>"; };
		4269749725464532006417F1 /* NotificationView.swift */ = {isa = PBXFileReference; lastKnownFileType = sourcecode.swift; path = NotificationView.swift; sourceTree = "<group>"; };
		4269749925464532006417F1 /* ComplicationController.swift */ = {isa = PBXFileReference; lastKnownFileType = sourcecode.swift; path = ComplicationController.swift; sourceTree = "<group>"; };
		4269749B25464533006417F1 /* Assets.xcassets */ = {isa = PBXFileReference; lastKnownFileType = folder.assetcatalog; path = Assets.xcassets; sourceTree = "<group>"; };
		4269749E25464533006417F1 /* Preview Assets.xcassets */ = {isa = PBXFileReference; lastKnownFileType = folder.assetcatalog; path = "Preview Assets.xcassets"; sourceTree = "<group>"; };
		426974A025464533006417F1 /* Info.plist */ = {isa = PBXFileReference; lastKnownFileType = text.plist.xml; path = Info.plist; sourceTree = "<group>"; };
		426974A125464533006417F1 /* PushNotificationPayload.apns */ = {isa = PBXFileReference; lastKnownFileType = text; path = PushNotificationPayload.apns; sourceTree = "<group>"; };
		4288B937253E57260022B11A /* Notification.swift */ = {isa = PBXFileReference; lastKnownFileType = sourcecode.swift; path = Notification.swift; sourceTree = "<group>"; };
		429039E624D45027005A25C0 /* ActivityIndicator.swift */ = {isa = PBXFileReference; lastKnownFileType = sourcecode.swift; path = ActivityIndicator.swift; sourceTree = "<group>"; };
		429F8C78253B42A70068E3FD /* Options.swift */ = {isa = PBXFileReference; lastKnownFileType = sourcecode.swift; path = Options.swift; sourceTree = "<group>"; };
		429FD87F24B202DA003A49AF /* NotificationCenter.framework */ = {isa = PBXFileReference; lastKnownFileType = wrapper.framework; name = NotificationCenter.framework; path = System/Library/Frameworks/NotificationCenter.framework; sourceTree = SDKROOT; };
		42B79D3B253ED242003A8A7F /* WidgetExtension.appex */ = {isa = PBXFileReference; explicitFileType = "wrapper.app-extension"; includeInIndex = 0; path = WidgetExtension.appex; sourceTree = BUILT_PRODUCTS_DIR; };
		42B79D3F253ED242003A8A7F /* Widget.swift */ = {isa = PBXFileReference; lastKnownFileType = sourcecode.swift; path = Widget.swift; sourceTree = "<group>"; };
		42B79D41253ED243003A8A7F /* Assets.xcassets */ = {isa = PBXFileReference; lastKnownFileType = folder.assetcatalog; path = Assets.xcassets; sourceTree = "<group>"; };
		42B79D43253ED243003A8A7F /* Info.plist */ = {isa = PBXFileReference; lastKnownFileType = text.plist.xml; path = Info.plist; sourceTree = "<group>"; };
		42B79D8C253FD7D7003A8A7F /* NextMealWidget.swift */ = {isa = PBXFileReference; lastKnownFileType = sourcecode.swift; path = NextMealWidget.swift; sourceTree = "<group>"; };
		42C487C924DDB73000C594CB /* CopyrightText.swift */ = {isa = PBXFileReference; lastKnownFileType = sourcecode.swift; path = CopyrightText.swift; sourceTree = "<group>"; };
		42DBE5A82536BABD00E5F4EA /* Openas.ttf */ = {isa = PBXFileReference; lastKnownFileType = file; path = Openas.ttf; sourceTree = "<group>"; };
		42F73BA6253FF4BF008E8B25 /* DailyMealWidget.swift */ = {isa = PBXFileReference; lastKnownFileType = sourcecode.swift; path = DailyMealWidget.swift; sourceTree = "<group>"; };
/* End PBXFileReference section */

/* Begin PBXFrameworksBuildPhase section */
		08C9ABE224A74A53002AF525 /* Frameworks */ = {
			isa = PBXFrameworksBuildPhase;
			buildActionMask = 2147483647;
			files = (
				42B6DE9B24DBE5E700B1E299 /* SwiftyJSON in Frameworks */,
				42C4E4D324CEA8E3004EC6AF /* Alamofire in Frameworks */,
				42F632D224CACFC400F1F439 /* SPAlert in Frameworks */,
			);
			runOnlyForDeploymentPostprocessing = 0;
		};
		4269748925464532006417F1 /* Frameworks */ = {
			isa = PBXFrameworksBuildPhase;
			buildActionMask = 2147483647;
			files = (
				426974D225464B52006417F1 /* SwiftyJSON in Frameworks */,
				426974D025464B4D006417F1 /* Alamofire in Frameworks */,
			);
			runOnlyForDeploymentPostprocessing = 0;
		};
		42B79D38253ED242003A8A7F /* Frameworks */ = {
			isa = PBXFrameworksBuildPhase;
			buildActionMask = 2147483647;
			files = (
				42B79D75253FD56D003A8A7F /* SPAlert in Frameworks */,
				42B79D7C253FD5FE003A8A7F /* Alamofire in Frameworks */,
				42B79D3D253ED242003A8A7F /* SwiftUI.framework in Frameworks */,
				42B79D7E253FD601003A8A7F /* SwiftyJSON in Frameworks */,
				42B79D3C253ED242003A8A7F /* WidgetKit.framework in Frameworks */,
			);
			runOnlyForDeploymentPostprocessing = 0;
		};
/* End PBXFrameworksBuildPhase section */

/* Begin PBXGroup section */
		086CC54B24AF812C00456846 /* CustomViews */ = {
			isa = PBXGroup;
			children = (
				086CC54C24AF816200456846 /* VSpacer.swift */,
				086CC54E24AF819400456846 /* HSpacer.swift */,
				086CC55024AF849D00456846 /* TextStyles.swift */,
				423B71F124B1932E0099CE3E /* Background.swift */,
				429039E624D45027005A25C0 /* ActivityIndicator.swift */,
				42C487C924DDB73000C594CB /* CopyrightText.swift */,
			);
			path = CustomViews;
			sourceTree = "<group>";
		};
		08C9ABDC24A74A53002AF525 = {
			isa = PBXGroup;
			children = (
				08C9ABE724A74A53002AF525 /* dimigoin */,
				42B79D3E253ED242003A8A7F /* Widget */,
				4269748425464530006417F1 /* watchApp */,
				4269749025464532006417F1 /* watchApp Extension */,
				08C9ABE624A74A53002AF525 /* Products */,
				228AAA612779C507EC76E9D9 /* Frameworks */,
			);
			sourceTree = "<group>";
		};
		08C9ABE624A74A53002AF525 /* Products */ = {
			isa = PBXGroup;
			children = (
				08C9ABE524A74A53002AF525 /* DimigoIN.app */,
				42B79D3B253ED242003A8A7F /* WidgetExtension.appex */,
				4269748325464530006417F1 /* watchApp.app */,
				4269748C25464532006417F1 /* watchApp Extension.appex */,
			);
			name = Products;
			sourceTree = "<group>";
		};
		08C9ABE724A74A53002AF525 /* dimigoin */ = {
			isa = PBXGroup;
			children = (
				08C9AC0124A74A83002AF525 /* Views */,
				08C9ABFF24A74A83002AF525 /* Model */,
				086CC54B24AF812C00456846 /* CustomViews */,
				08C9AC0824A74A83002AF525 /* Components */,
				08C9ABFC24A74A83002AF525 /* Modifiers */,
				42364EA124AFF1B5008427D5 /* Application */,
				42364EA224B0CFB9008427D5 /* Fonts */,
				08C9ABF024A74A54002AF525 /* Preview Content */,
				08C9ABEE24A74A54002AF525 /* Assets.xcassets */,
			);
			path = dimigoin;
			sourceTree = "<group>";
		};
		08C9ABF024A74A54002AF525 /* Preview Content */ = {
			isa = PBXGroup;
			children = (
				08C9ABF124A74A54002AF525 /* Preview Assets.xcassets */,
			);
			path = "Preview Content";
			sourceTree = "<group>";
		};
		08C9ABFC24A74A83002AF525 /* Modifiers */ = {
			isa = PBXGroup;
			children = (
				08C9ABFD24A74A83002AF525 /* PrimaryButtonModifier.swift */,
				088E5D4E24A88FD30031342D /* HeadlineModifier.swift */,
				08B8494024A9082A000A9ACD /* HelperTextModifier.swift */,
				08C9ABFE24A74A83002AF525 /* TextFieldModifier.swift */,
				088E5D4C24A889CB0031342D /* RoundBoxModifier.swift */,
				42364EAB24B14E02008427D5 /* KeyboardResponsive.swift */,
				423B71EF24B191AF0099CE3E /* ClearButton.swift */,
				423B71F324B1B3F60099CE3E /* CustomBoxModifier.swift */,
			);
			path = Modifiers;
			sourceTree = "<group>";
		};
		08C9ABFF24A74A83002AF525 /* Model */ = {
			isa = PBXGroup;
			children = (
				4212D98224CC6A0400FF82D5 /* User.swift */,
				08C9AC0024A74A83002AF525 /* Ingang.swift */,
				08B8493C24A90432000A9ACD /* Timetable.swift */,
				083D74F224A7783300989B47 /* Meal.swift */,
				083D74F424A778AA00989B47 /* Notice.swift */,
				083D74F824A77A9E00989B47 /* Tokens.swift */,
				4212D97F24CC124B00FF82D5 /* DateTime.swift */,
				429F8C78253B42A70068E3FD /* Options.swift */,
				4288B937253E57260022B11A /* Notification.swift */,
			);
			path = Model;
			sourceTree = "<group>";
		};
		08C9AC0124A74A83002AF525 /* Views */ = {
			isa = PBXGroup;
			children = (
				08C9AC0424A74A83002AF525 /* LoginView.swift */,
				08C9AC0724A74A83002AF525 /* MainView.swift */,
				08C9ABEC24A74A53002AF525 /* ContentView.swift */,
				08C9AC0324A74A83002AF525 /* ProfileView.swift */,
				423A9EE924E026EC00E046BE /* OptionView.swift */,
				08C9AC0524A74A83002AF525 /* IngangListView.swift */,
				08C9AC0624A74A83002AF525 /* MealListView.swift */,
				08C9AC0224A74A83002AF525 /* NoticeListView.swift */,
				08B8493E24A90487000A9ACD /* TimetableView.swift */,
			);
			path = Views;
			sourceTree = "<group>";
		};
		08C9AC0824A74A83002AF525 /* Components */ = {
			isa = PBXGroup;
			children = (
				0842D9DF24A8ED6C00D0F330 /* TimetableItem.swift */,
				08B8493A24A90403000A9ACD /* TimetableRow.swift */,
				08C9AC0924A74A83002AF525 /* NoticeItem.swift */,
				08C9AC0A24A74A83002AF525 /* NoticeRow.swift */,
				08C9AC0E24A74A83002AF525 /* MealItem.swift */,
				08C9AC0B24A74A83002AF525 /* MealRow.swift */,
				08C9AC0D24A74A83002AF525 /* IngangItem.swift */,
				08C9AC0C24A74A83002AF525 /* IngangRow.swift */,
			);
			path = Components;
			sourceTree = "<group>";
		};
		228AAA612779C507EC76E9D9 /* Frameworks */ = {
			isa = PBXGroup;
			children = (
				429FD87F24B202DA003A49AF /* NotificationCenter.framework */,
				420DE42124B4A70E00005663 /* WidgetKit.framework */,
				420DE42324B4A70E00005663 /* SwiftUI.framework */,
				4212D96A24CBB24100FF82D5 /* IntentsUI.framework */,
			);
			name = Frameworks;
			sourceTree = "<group>";
		};
		42364EA124AFF1B5008427D5 /* Application */ = {
			isa = PBXGroup;
			children = (
				08C9ABE824A74A53002AF525 /* AppDelegate.swift */,
				08C9ABEA24A74A53002AF525 /* SceneDelegate.swift */,
				08C9ABF324A74A54002AF525 /* LaunchScreen.storyboard */,
				08C9ABF624A74A54002AF525 /* Info.plist */,
			);
			path = Application;
			sourceTree = "<group>";
		};
		42364EA224B0CFB9008427D5 /* Fonts */ = {
			isa = PBXGroup;
			children = (
				42DBE5A82536BABD00E5F4EA /* Openas.ttf */,
				42364EA424B0CFEC008427D5 /* NanumSquareBold.ttf */,
				42364EA524B0CFEC008427D5 /* NanumSquareExtraBold.ttf */,
				42364EA324B0CFEC008427D5 /* NanumSquareLight.ttf */,
				42364EA624B0CFEC008427D5 /* NanumSquareRegular.ttf */,
			);
			path = Fonts;
			sourceTree = "<group>";
		};
		4269748425464530006417F1 /* watchApp */ = {
			isa = PBXGroup;
			children = (
				4269748525464532006417F1 /* Assets.xcassets */,
				4269748725464532006417F1 /* Info.plist */,
			);
			path = watchApp;
			sourceTree = "<group>";
		};
		4269749025464532006417F1 /* watchApp Extension */ = {
			isa = PBXGroup;
			children = (
				4269749125464532006417F1 /* dimigoinApp.swift */,
				4269749325464532006417F1 /* ContentView.swift */,
				4269749525464532006417F1 /* NotificationController.swift */,
				4269749725464532006417F1 /* NotificationView.swift */,
				4269749925464532006417F1 /* ComplicationController.swift */,
				4269749B25464533006417F1 /* Assets.xcassets */,
				426974A025464533006417F1 /* Info.plist */,
				426974A125464533006417F1 /* PushNotificationPayload.apns */,
				4269749D25464533006417F1 /* Preview Content */,
			);
			path = "watchApp Extension";
			sourceTree = "<group>";
		};
		4269749D25464533006417F1 /* Preview Content */ = {
			isa = PBXGroup;
			children = (
				4269749E25464533006417F1 /* Preview Assets.xcassets */,
			);
			path = "Preview Content";
			sourceTree = "<group>";
		};
		42B79D3E253ED242003A8A7F /* Widget */ = {
			isa = PBXGroup;
			children = (
				42B79D3F253ED242003A8A7F /* Widget.swift */,
				42B79D8C253FD7D7003A8A7F /* NextMealWidget.swift */,
				42F73BA6253FF4BF008E8B25 /* DailyMealWidget.swift */,
				42B79D41253ED243003A8A7F /* Assets.xcassets */,
				42B79D43253ED243003A8A7F /* Info.plist */,
			);
			path = Widget;
			sourceTree = "<group>";
		};
/* End PBXGroup section */

/* Begin PBXNativeTarget section */
		08C9ABE424A74A53002AF525 /* dimigoin */ = {
			isa = PBXNativeTarget;
			buildConfigurationList = 08C9ABF924A74A54002AF525 /* Build configuration list for PBXNativeTarget "dimigoin" */;
			buildPhases = (
				08C9ABE124A74A53002AF525 /* Sources */,
				08C9ABE224A74A53002AF525 /* Frameworks */,
				08C9ABE324A74A53002AF525 /* Resources */,
				429FD88B24B202DA003A49AF /* Embed App Extensions */,
				426974A525464533006417F1 /* Embed Watch Content */,
			);
			buildRules = (
			);
			dependencies = (
				42B79D45253ED243003A8A7F /* PBXTargetDependency */,
				426974A325464533006417F1 /* PBXTargetDependency */,
			);
			name = dimigoin;
			packageProductDependencies = (
				42F632D124CACFC400F1F439 /* SPAlert */,
				42C4E4D224CEA8E3004EC6AF /* Alamofire */,
				42B6DE9A24DBE5E700B1E299 /* SwiftyJSON */,
			);
			productName = dimigoin;
			productReference = 08C9ABE524A74A53002AF525 /* DimigoIN.app */;
			productType = "com.apple.product-type.application";
		};
		4269748225464530006417F1 /* watchApp */ = {
			isa = PBXNativeTarget;
			buildConfigurationList = 426974AC25464533006417F1 /* Build configuration list for PBXNativeTarget "watchApp" */;
			buildPhases = (
				4269748125464530006417F1 /* Resources */,
				426974A825464533006417F1 /* Embed App Extensions */,
			);
			buildRules = (
			);
			dependencies = (
				4269748F25464532006417F1 /* PBXTargetDependency */,
			);
			name = watchApp;
			productName = watchApp;
			productReference = 4269748325464530006417F1 /* watchApp.app */;
			productType = "com.apple.product-type.application.watchapp2";
		};
		4269748B25464532006417F1 /* watchApp Extension */ = {
			isa = PBXNativeTarget;
			buildConfigurationList = 426974AB25464533006417F1 /* Build configuration list for PBXNativeTarget "watchApp Extension" */;
			buildPhases = (
				4269748825464532006417F1 /* Sources */,
				4269748925464532006417F1 /* Frameworks */,
				4269748A25464532006417F1 /* Resources */,
			);
			buildRules = (
			);
			dependencies = (
			);
			name = "watchApp Extension";
			packageProductDependencies = (
				426974CF25464B4D006417F1 /* Alamofire */,
				426974D125464B52006417F1 /* SwiftyJSON */,
			);
			productName = "watchApp Extension";
			productReference = 4269748C25464532006417F1 /* watchApp Extension.appex */;
			productType = "com.apple.product-type.watchkit2-extension";
		};
		42B79D3A253ED242003A8A7F /* WidgetExtension */ = {
			isa = PBXNativeTarget;
			buildConfigurationList = 42B79D47253ED243003A8A7F /* Build configuration list for PBXNativeTarget "WidgetExtension" */;
			buildPhases = (
				42B79D37253ED242003A8A7F /* Sources */,
				42B79D38253ED242003A8A7F /* Frameworks */,
				42B79D39253ED242003A8A7F /* Resources */,
			);
			buildRules = (
			);
			dependencies = (
			);
			name = WidgetExtension;
			packageProductDependencies = (
				42B79D74253FD56D003A8A7F /* SPAlert */,
				42B79D7B253FD5FE003A8A7F /* Alamofire */,
				42B79D7D253FD601003A8A7F /* SwiftyJSON */,
			);
			productName = WidgetExtension;
			productReference = 42B79D3B253ED242003A8A7F /* WidgetExtension.appex */;
			productType = "com.apple.product-type.app-extension";
		};
/* End PBXNativeTarget section */

/* Begin PBXProject section */
		08C9ABDD24A74A53002AF525 /* Project object */ = {
			isa = PBXProject;
			attributes = {
				LastSwiftUpdateCheck = 1210;
				LastUpgradeCheck = 1200;
				ORGANIZATIONNAME = seohun;
				TargetAttributes = {
					08C9ABE424A74A53002AF525 = {
						CreatedOnToolsVersion = 11.5;
					};
					4269748225464530006417F1 = {
						CreatedOnToolsVersion = 12.1;
					};
					4269748B25464532006417F1 = {
						CreatedOnToolsVersion = 12.1;
					};
					42B79D3A253ED242003A8A7F = {
						CreatedOnToolsVersion = 12.0.1;
					};
				};
			};
			buildConfigurationList = 08C9ABE024A74A53002AF525 /* Build configuration list for PBXProject "dimigoin" */;
			compatibilityVersion = "Xcode 9.3";
			developmentRegion = en;
			hasScannedForEncodings = 0;
			knownRegions = (
				en,
				Base,
			);
			mainGroup = 08C9ABDC24A74A53002AF525;
			packageReferences = (
				42F632D024CACFC400F1F439 /* XCRemoteSwiftPackageReference "SPAlert" */,
				42C4E4D124CEA8E3004EC6AF /* XCRemoteSwiftPackageReference "Alamofire" */,
				42B6DE9924DBE5E700B1E299 /* XCRemoteSwiftPackageReference "SwiftyJSON" */,
			);
			productRefGroup = 08C9ABE624A74A53002AF525 /* Products */;
			projectDirPath = "";
			projectRoot = "";
			targets = (
				08C9ABE424A74A53002AF525 /* dimigoin */,
				42B79D3A253ED242003A8A7F /* WidgetExtension */,
				4269748225464530006417F1 /* watchApp */,
				4269748B25464532006417F1 /* watchApp Extension */,
			);
		};
/* End PBXProject section */

/* Begin PBXResourcesBuildPhase section */
		08C9ABE324A74A53002AF525 /* Resources */ = {
			isa = PBXResourcesBuildPhase;
			buildActionMask = 2147483647;
			files = (
				42364EA824B0CFEC008427D5 /* NanumSquareBold.ttf in Resources */,
				42364EA924B0CFEC008427D5 /* NanumSquareExtraBold.ttf in Resources */,
				42364EA724B0CFEC008427D5 /* NanumSquareLight.ttf in Resources */,
				42364EAA24B0CFEC008427D5 /* NanumSquareRegular.ttf in Resources */,
				42DBE5A92536BABE00E5F4EA /* Openas.ttf in Resources */,
				08C9ABF524A74A54002AF525 /* LaunchScreen.storyboard in Resources */,
				08C9ABF224A74A54002AF525 /* Preview Assets.xcassets in Resources */,
				08C9ABEF24A74A54002AF525 /* Assets.xcassets in Resources */,
			);
			runOnlyForDeploymentPostprocessing = 0;
		};
		4269748125464530006417F1 /* Resources */ = {
			isa = PBXResourcesBuildPhase;
			buildActionMask = 2147483647;
			files = (
				426974B725464911006417F1 /* Assets.xcassets in Resources */,
				4269748625464532006417F1 /* Assets.xcassets in Resources */,
			);
			runOnlyForDeploymentPostprocessing = 0;
		};
		4269748A25464532006417F1 /* Resources */ = {
			isa = PBXResourcesBuildPhase;
			buildActionMask = 2147483647;
			files = (
				4269749F25464533006417F1 /* Preview Assets.xcassets in Resources */,
				426974B625464911006417F1 /* Assets.xcassets in Resources */,
				4269749C25464533006417F1 /* Assets.xcassets in Resources */,
			);
			runOnlyForDeploymentPostprocessing = 0;
		};
		42B79D39253ED242003A8A7F /* Resources */ = {
			isa = PBXResourcesBuildPhase;
			buildActionMask = 2147483647;
			files = (
				42F73BB325400F60008E8B25 /* NanumSquareExtraBold.ttf in Resources */,
				42F73BB925400F64008E8B25 /* NanumSquareLight.ttf in Resources */,
				42F73BB025400F5F008E8B25 /* NanumSquareBold.ttf in Resources */,
				42F73BB625400F62008E8B25 /* NanumSquareRegular.ttf in Resources */,
				42F73BAD25400F5D008E8B25 /* Openas.ttf in Resources */,
				42B79D71253F2D5D003A8A7F /* Assets.xcassets in Resources */,
				42B79D42253ED243003A8A7F /* Assets.xcassets in Resources */,
			);
			runOnlyForDeploymentPostprocessing = 0;
		};
/* End PBXResourcesBuildPhase section */

/* Begin PBXSourcesBuildPhase section */
		08C9ABE124A74A53002AF525 /* Sources */ = {
			isa = PBXSourcesBuildPhase;
			buildActionMask = 2147483647;
			files = (
				08C9AC1324A74A83002AF525 /* ProfileView.swift in Sources */,
				08C9AC1724A74A83002AF525 /* MainView.swift in Sources */,
				086CC54D24AF816200456846 /* VSpacer.swift in Sources */,
				08C9ABE924A74A53002AF525 /* AppDelegate.swift in Sources */,
				42C487CA24DDB73000C594CB /* CopyrightText.swift in Sources */,
				429039E724D45027005A25C0 /* ActivityIndicator.swift in Sources */,
				088E5D4D24A889CB0031342D /* RoundBoxModifier.swift in Sources */,
				08C9AC1A24A74A83002AF525 /* MealRow.swift in Sources */,
				08C9AC1224A74A83002AF525 /* NoticeListView.swift in Sources */,
				4212D98024CC124B00FF82D5 /* DateTime.swift in Sources */,
				083D74F524A778AA00989B47 /* Notice.swift in Sources */,
				429F8C79253B42A70068E3FD /* Options.swift in Sources */,
				08C9AC1824A74A83002AF525 /* NoticeItem.swift in Sources */,
				08C9AC1B24A74A83002AF525 /* IngangRow.swift in Sources */,
				088E5D4F24A88FD30031342D /* HeadlineModifier.swift in Sources */,
				083D74F324A7783300989B47 /* Meal.swift in Sources */,
				08C9AC1C24A74A83002AF525 /* IngangItem.swift in Sources */,
				423A9EEA24E026EC00E046BE /* OptionView.swift in Sources */,
				08B8493B24A90403000A9ACD /* TimetableRow.swift in Sources */,
				086CC54F24AF819400456846 /* HSpacer.swift in Sources */,
				08C9AC1424A74A83002AF525 /* LoginView.swift in Sources */,
				4212D98324CC6A0400FF82D5 /* User.swift in Sources */,
				08C9AC1D24A74A83002AF525 /* MealItem.swift in Sources */,
				08C9AC1124A74A83002AF525 /* Ingang.swift in Sources */,
				42364EAC24B14E02008427D5 /* KeyboardResponsive.swift in Sources */,
				08C9AC1024A74A83002AF525 /* TextFieldModifier.swift in Sources */,
				08C9AC1524A74A83002AF525 /* IngangListView.swift in Sources */,
				423B71F224B1932E0099CE3E /* Background.swift in Sources */,
				083D74F924A77A9E00989B47 /* Tokens.swift in Sources */,
				08B8494124A9082A000A9ACD /* HelperTextModifier.swift in Sources */,
				423B71F424B1B3F60099CE3E /* CustomBoxModifier.swift in Sources */,
				08C9AC1624A74A83002AF525 /* MealListView.swift in Sources */,
				08C9AC0F24A74A83002AF525 /* PrimaryButtonModifier.swift in Sources */,
				0842D9E024A8ED6C00D0F330 /* TimetableItem.swift in Sources */,
				08B8493F24A90487000A9ACD /* TimetableView.swift in Sources */,
				08C9ABEB24A74A53002AF525 /* SceneDelegate.swift in Sources */,
				423B71F024B191AF0099CE3E /* ClearButton.swift in Sources */,
				086CC55124AF849D00456846 /* TextStyles.swift in Sources */,
				4288B938253E57260022B11A /* Notification.swift in Sources */,
				08B8493D24A90432000A9ACD /* Timetable.swift in Sources */,
				08C9AC1924A74A83002AF525 /* NoticeRow.swift in Sources */,
				08C9ABED24A74A53002AF525 /* ContentView.swift in Sources */,
			);
			runOnlyForDeploymentPostprocessing = 0;
		};
		4269748825464532006417F1 /* Sources */ = {
			isa = PBXSourcesBuildPhase;
			buildActionMask = 2147483647;
			files = (
				426974C525464920006417F1 /* TextStyles.swift in Sources */,
				4269749625464532006417F1 /* NotificationController.swift in Sources */,
				4269749425464532006417F1 /* ContentView.swift in Sources */,
				4269749A25464532006417F1 /* ComplicationController.swift in Sources */,
				426974D725464DD2006417F1 /* Meal.swift in Sources */,
				4269749225464532006417F1 /* dimigoinApp.swift in Sources */,
				426974CA25464988006417F1 /* DateTime.swift in Sources */,
				4269749825464532006417F1 /* NotificationView.swift in Sources */,
			);
			runOnlyForDeploymentPostprocessing = 0;
		};
		42B79D37253ED242003A8A7F /* Sources */ = {
			isa = PBXSourcesBuildPhase;
			buildActionMask = 2147483647;
			files = (
				42B79D84253FD678003A8A7F /* Meal.swift in Sources */,
				42B79D40253ED242003A8A7F /* Widget.swift in Sources */,
				42F73BA8253FF4BF008E8B25 /* DailyMealWidget.swift in Sources */,
				42B79D8D253FD7D7003A8A7F /* NextMealWidget.swift in Sources */,
				42B79D6C253F2B99003A8A7F /* HSpacer.swift in Sources */,
				42B79D69253F2B97003A8A7F /* VSpacer.swift in Sources */,
				42B79D78253FD5F4003A8A7F /* User.swift in Sources */,
				42B79D66253F2B95003A8A7F /* TextStyles.swift in Sources */,
				42B79D63253F2B91003A8A7F /* DateTime.swift in Sources */,
				42B79D57253F28CB003A8A7F /* Timetable.swift in Sources */,
				42B79D81253FD674003A8A7F /* Tokens.swift in Sources */,
			);
			runOnlyForDeploymentPostprocessing = 0;
		};
/* End PBXSourcesBuildPhase section */

/* Begin PBXTargetDependency section */
		4269748F25464532006417F1 /* PBXTargetDependency */ = {
			isa = PBXTargetDependency;
			target = 4269748B25464532006417F1 /* watchApp Extension */;
			targetProxy = 4269748E25464532006417F1 /* PBXContainerItemProxy */;
		};
		426974A325464533006417F1 /* PBXTargetDependency */ = {
			isa = PBXTargetDependency;
			target = 4269748225464530006417F1 /* watchApp */;
			targetProxy = 426974A225464533006417F1 /* PBXContainerItemProxy */;
		};
		42B79D45253ED243003A8A7F /* PBXTargetDependency */ = {
			isa = PBXTargetDependency;
			target = 42B79D3A253ED242003A8A7F /* WidgetExtension */;
			targetProxy = 42B79D44253ED243003A8A7F /* PBXContainerItemProxy */;
		};
/* End PBXTargetDependency section */

/* Begin PBXVariantGroup section */
		08C9ABF324A74A54002AF525 /* LaunchScreen.storyboard */ = {
			isa = PBXVariantGroup;
			children = (
				08C9ABF424A74A54002AF525 /* Base */,
			);
			name = LaunchScreen.storyboard;
			sourceTree = "<group>";
		};
/* End PBXVariantGroup section */

/* Begin XCBuildConfiguration section */
		08C9ABF724A74A54002AF525 /* Debug */ = {
			isa = XCBuildConfiguration;
			buildSettings = {
				ALWAYS_SEARCH_USER_PATHS = NO;
				CLANG_ANALYZER_NONNULL = YES;
				CLANG_ANALYZER_NUMBER_OBJECT_CONVERSION = YES_AGGRESSIVE;
				CLANG_CXX_LANGUAGE_STANDARD = "gnu++14";
				CLANG_CXX_LIBRARY = "libc++";
				CLANG_ENABLE_MODULES = YES;
				CLANG_ENABLE_OBJC_ARC = YES;
				CLANG_ENABLE_OBJC_WEAK = YES;
				CLANG_WARN_BLOCK_CAPTURE_AUTORELEASING = YES;
				CLANG_WARN_BOOL_CONVERSION = YES;
				CLANG_WARN_COMMA = YES;
				CLANG_WARN_CONSTANT_CONVERSION = YES;
				CLANG_WARN_DEPRECATED_OBJC_IMPLEMENTATIONS = YES;
				CLANG_WARN_DIRECT_OBJC_ISA_USAGE = YES_ERROR;
				CLANG_WARN_DOCUMENTATION_COMMENTS = YES;
				CLANG_WARN_EMPTY_BODY = YES;
				CLANG_WARN_ENUM_CONVERSION = YES;
				CLANG_WARN_INFINITE_RECURSION = YES;
				CLANG_WARN_INT_CONVERSION = YES;
				CLANG_WARN_NON_LITERAL_NULL_CONVERSION = YES;
				CLANG_WARN_OBJC_IMPLICIT_RETAIN_SELF = YES;
				CLANG_WARN_OBJC_LITERAL_CONVERSION = YES;
				CLANG_WARN_OBJC_ROOT_CLASS = YES_ERROR;
				CLANG_WARN_QUOTED_INCLUDE_IN_FRAMEWORK_HEADER = YES;
				CLANG_WARN_RANGE_LOOP_ANALYSIS = YES;
				CLANG_WARN_STRICT_PROTOTYPES = YES;
				CLANG_WARN_SUSPICIOUS_MOVE = YES;
				CLANG_WARN_UNGUARDED_AVAILABILITY = YES_AGGRESSIVE;
				CLANG_WARN_UNREACHABLE_CODE = YES;
				CLANG_WARN__DUPLICATE_METHOD_MATCH = YES;
				COPY_PHASE_STRIP = NO;
				DEBUG_INFORMATION_FORMAT = dwarf;
				ENABLE_STRICT_OBJC_MSGSEND = YES;
				ENABLE_TESTABILITY = YES;
				GCC_C_LANGUAGE_STANDARD = gnu11;
				GCC_DYNAMIC_NO_PIC = NO;
				GCC_NO_COMMON_BLOCKS = YES;
				GCC_OPTIMIZATION_LEVEL = 0;
				GCC_PREPROCESSOR_DEFINITIONS = (
					"DEBUG=1",
					"$(inherited)",
				);
				GCC_WARN_64_TO_32_BIT_CONVERSION = YES;
				GCC_WARN_ABOUT_RETURN_TYPE = YES_ERROR;
				GCC_WARN_UNDECLARED_SELECTOR = YES;
				GCC_WARN_UNINITIALIZED_AUTOS = YES_AGGRESSIVE;
				GCC_WARN_UNUSED_FUNCTION = YES;
				GCC_WARN_UNUSED_VARIABLE = YES;
				IPHONEOS_DEPLOYMENT_TARGET = 13.5;
				MTL_ENABLE_DEBUG_INFO = INCLUDE_SOURCE;
				MTL_FAST_MATH = YES;
				ONLY_ACTIVE_ARCH = YES;
				SDKROOT = iphoneos;
				SWIFT_ACTIVE_COMPILATION_CONDITIONS = DEBUG;
				SWIFT_OPTIMIZATION_LEVEL = "-Onone";
			};
			name = Debug;
		};
		08C9ABF824A74A54002AF525 /* Release */ = {
			isa = XCBuildConfiguration;
			buildSettings = {
				ALWAYS_SEARCH_USER_PATHS = NO;
				CLANG_ANALYZER_NONNULL = YES;
				CLANG_ANALYZER_NUMBER_OBJECT_CONVERSION = YES_AGGRESSIVE;
				CLANG_CXX_LANGUAGE_STANDARD = "gnu++14";
				CLANG_CXX_LIBRARY = "libc++";
				CLANG_ENABLE_MODULES = YES;
				CLANG_ENABLE_OBJC_ARC = YES;
				CLANG_ENABLE_OBJC_WEAK = YES;
				CLANG_WARN_BLOCK_CAPTURE_AUTORELEASING = YES;
				CLANG_WARN_BOOL_CONVERSION = YES;
				CLANG_WARN_COMMA = YES;
				CLANG_WARN_CONSTANT_CONVERSION = YES;
				CLANG_WARN_DEPRECATED_OBJC_IMPLEMENTATIONS = YES;
				CLANG_WARN_DIRECT_OBJC_ISA_USAGE = YES_ERROR;
				CLANG_WARN_DOCUMENTATION_COMMENTS = YES;
				CLANG_WARN_EMPTY_BODY = YES;
				CLANG_WARN_ENUM_CONVERSION = YES;
				CLANG_WARN_INFINITE_RECURSION = YES;
				CLANG_WARN_INT_CONVERSION = YES;
				CLANG_WARN_NON_LITERAL_NULL_CONVERSION = YES;
				CLANG_WARN_OBJC_IMPLICIT_RETAIN_SELF = YES;
				CLANG_WARN_OBJC_LITERAL_CONVERSION = YES;
				CLANG_WARN_OBJC_ROOT_CLASS = YES_ERROR;
				CLANG_WARN_QUOTED_INCLUDE_IN_FRAMEWORK_HEADER = YES;
				CLANG_WARN_RANGE_LOOP_ANALYSIS = YES;
				CLANG_WARN_STRICT_PROTOTYPES = YES;
				CLANG_WARN_SUSPICIOUS_MOVE = YES;
				CLANG_WARN_UNGUARDED_AVAILABILITY = YES_AGGRESSIVE;
				CLANG_WARN_UNREACHABLE_CODE = YES;
				CLANG_WARN__DUPLICATE_METHOD_MATCH = YES;
				COPY_PHASE_STRIP = NO;
				DEBUG_INFORMATION_FORMAT = "dwarf-with-dsym";
				ENABLE_NS_ASSERTIONS = NO;
				ENABLE_STRICT_OBJC_MSGSEND = YES;
				GCC_C_LANGUAGE_STANDARD = gnu11;
				GCC_NO_COMMON_BLOCKS = YES;
				GCC_WARN_64_TO_32_BIT_CONVERSION = YES;
				GCC_WARN_ABOUT_RETURN_TYPE = YES_ERROR;
				GCC_WARN_UNDECLARED_SELECTOR = YES;
				GCC_WARN_UNINITIALIZED_AUTOS = YES_AGGRESSIVE;
				GCC_WARN_UNUSED_FUNCTION = YES;
				GCC_WARN_UNUSED_VARIABLE = YES;
				IPHONEOS_DEPLOYMENT_TARGET = 13.5;
				MTL_ENABLE_DEBUG_INFO = NO;
				MTL_FAST_MATH = YES;
				SDKROOT = iphoneos;
				SWIFT_COMPILATION_MODE = wholemodule;
				SWIFT_OPTIMIZATION_LEVEL = "-O";
				VALIDATE_PRODUCT = YES;
			};
			name = Release;
		};
		08C9ABFA24A74A54002AF525 /* Debug */ = {
			isa = XCBuildConfiguration;
			buildSettings = {
				ALWAYS_EMBED_SWIFT_STANDARD_LIBRARIES = YES;
				ASSETCATALOG_COMPILER_APPICON_NAME = AppIcon;
				CODE_SIGN_STYLE = Automatic;
				CURRENT_PROJECT_VERSION = 1;
				DEVELOPMENT_ASSET_PATHS = "\"dimigoin/Preview Content\"";
				DEVELOPMENT_TEAM = HPU8XGH3GG;
				ENABLE_PREVIEWS = YES;
				IBSC_MODULE = "오늘의 급식";
				INFOPLIST_FILE = dimigoin/Application/Info.plist;
				LD_RUNPATH_SEARCH_PATHS = (
					"$(inherited)",
					"@executable_path/Frameworks",
				);
				MARKETING_VERSION = 1.3.1;
				PRODUCT_BUNDLE_IDENTIFIER = com.dimigoin.v2;
				PRODUCT_NAME = DimigoIN;
				SWIFT_VERSION = 5.0;
				TARGETED_DEVICE_FAMILY = "1,2";
			};
			name = Debug;
		};
		08C9ABFB24A74A54002AF525 /* Release */ = {
			isa = XCBuildConfiguration;
			buildSettings = {
				ALWAYS_EMBED_SWIFT_STANDARD_LIBRARIES = YES;
				ASSETCATALOG_COMPILER_APPICON_NAME = AppIcon;
				CODE_SIGN_STYLE = Automatic;
				CURRENT_PROJECT_VERSION = 1;
				DEVELOPMENT_ASSET_PATHS = "\"dimigoin/Preview Content\"";
				DEVELOPMENT_TEAM = HPU8XGH3GG;
				ENABLE_PREVIEWS = YES;
				IBSC_MODULE = "오늘의 급식";
				INFOPLIST_FILE = dimigoin/Application/Info.plist;
				LD_RUNPATH_SEARCH_PATHS = (
					"$(inherited)",
					"@executable_path/Frameworks",
				);
				MARKETING_VERSION = 1.3.1;
				PRODUCT_BUNDLE_IDENTIFIER = com.dimigoin.v2;
				PRODUCT_NAME = DimigoIN;
				SWIFT_VERSION = 5.0;
				TARGETED_DEVICE_FAMILY = "1,2";
			};
			name = Release;
		};
		426974A625464533006417F1 /* Debug */ = {
			isa = XCBuildConfiguration;
			buildSettings = {
				ALWAYS_EMBED_SWIFT_STANDARD_LIBRARIES = YES;
				ASSETCATALOG_COMPILER_APPICON_NAME = AppIcon;
				ASSETCATALOG_COMPILER_GLOBAL_ACCENT_COLOR_NAME = AccentColor;
				CODE_SIGN_STYLE = Automatic;
				DEVELOPMENT_TEAM = HPU8XGH3GG;
				IBSC_MODULE = watchApp_Extension;
				INFOPLIST_FILE = watchApp/Info.plist;
				MARKETING_VERSION = 1.3.1;
				PRODUCT_BUNDLE_IDENTIFIER = com.dimigoin.v2.watchkitapp;
				PRODUCT_NAME = "$(TARGET_NAME)";
				SDKROOT = watchos;
				SKIP_INSTALL = YES;
				SWIFT_VERSION = 5.0;
				TARGETED_DEVICE_FAMILY = 4;
				WATCHOS_DEPLOYMENT_TARGET = 7.0;
			};
			name = Debug;
		};
		426974A725464533006417F1 /* Release */ = {
			isa = XCBuildConfiguration;
			buildSettings = {
				ALWAYS_EMBED_SWIFT_STANDARD_LIBRARIES = YES;
				ASSETCATALOG_COMPILER_APPICON_NAME = AppIcon;
				ASSETCATALOG_COMPILER_GLOBAL_ACCENT_COLOR_NAME = AccentColor;
				CODE_SIGN_STYLE = Automatic;
				DEVELOPMENT_TEAM = HPU8XGH3GG;
				IBSC_MODULE = watchApp_Extension;
				INFOPLIST_FILE = watchApp/Info.plist;
				MARKETING_VERSION = 1.3.1;
				PRODUCT_BUNDLE_IDENTIFIER = com.dimigoin.v2.watchkitapp;
				PRODUCT_NAME = "$(TARGET_NAME)";
				SDKROOT = watchos;
				SKIP_INSTALL = YES;
				SWIFT_VERSION = 5.0;
				TARGETED_DEVICE_FAMILY = 4;
				WATCHOS_DEPLOYMENT_TARGET = 7.0;
			};
			name = Release;
		};
		426974A925464533006417F1 /* Debug */ = {
			isa = XCBuildConfiguration;
			buildSettings = {
				ASSETCATALOG_COMPILER_COMPLICATION_NAME = Complication;
				CODE_SIGN_STYLE = Automatic;
				DEVELOPMENT_ASSET_PATHS = "\"watchApp Extension/Preview Content\"";
				DEVELOPMENT_TEAM = HPU8XGH3GG;
				ENABLE_PREVIEWS = YES;
				INFOPLIST_FILE = "watchApp Extension/Info.plist";
				LD_RUNPATH_SEARCH_PATHS = (
					"$(inherited)",
					"@executable_path/Frameworks",
					"@executable_path/../../Frameworks",
				);
				MARKETING_VERSION = 1.3.1;
				PRODUCT_BUNDLE_IDENTIFIER = com.dimigoin.v2.watchkitapp.watchkitextension;
				PRODUCT_NAME = "${TARGET_NAME}";
				SDKROOT = watchos;
				SKIP_INSTALL = YES;
				SWIFT_VERSION = 5.0;
				TARGETED_DEVICE_FAMILY = 4;
				WATCHOS_DEPLOYMENT_TARGET = 7.0;
			};
			name = Debug;
		};
		426974AA25464533006417F1 /* Release */ = {
			isa = XCBuildConfiguration;
			buildSettings = {
				ASSETCATALOG_COMPILER_COMPLICATION_NAME = Complication;
				CODE_SIGN_STYLE = Automatic;
				DEVELOPMENT_ASSET_PATHS = "\"watchApp Extension/Preview Content\"";
				DEVELOPMENT_TEAM = HPU8XGH3GG;
				ENABLE_PREVIEWS = YES;
				INFOPLIST_FILE = "watchApp Extension/Info.plist";
				LD_RUNPATH_SEARCH_PATHS = (
					"$(inherited)",
					"@executable_path/Frameworks",
					"@executable_path/../../Frameworks",
				);
				MARKETING_VERSION = 1.3.1;
				PRODUCT_BUNDLE_IDENTIFIER = com.dimigoin.v2.watchkitapp.watchkitextension;
				PRODUCT_NAME = "${TARGET_NAME}";
				SDKROOT = watchos;
				SKIP_INSTALL = YES;
				SWIFT_VERSION = 5.0;
				TARGETED_DEVICE_FAMILY = 4;
				WATCHOS_DEPLOYMENT_TARGET = 7.0;
			};
			name = Release;
		};
		42B79D48253ED243003A8A7F /* Debug */ = {
			isa = XCBuildConfiguration;
			buildSettings = {
				ASSETCATALOG_COMPILER_GLOBAL_ACCENT_COLOR_NAME = AccentColor;
				ASSETCATALOG_COMPILER_WIDGET_BACKGROUND_COLOR_NAME = WidgetBackground;
				CODE_SIGN_STYLE = Automatic;
				CURRENT_PROJECT_VERSION = 1;
				DEVELOPMENT_TEAM = HPU8XGH3GG;
				INFOPLIST_FILE = Widget/Info.plist;
				IPHONEOS_DEPLOYMENT_TARGET = 14.0;
				LD_RUNPATH_SEARCH_PATHS = (
					"$(inherited)",
					"@executable_path/Frameworks",
					"@executable_path/../../Frameworks",
				);
				MARKETING_VERSION = 1.3.1;
				PRODUCT_BUNDLE_IDENTIFIER = com.dimigoin.v2.Widget;
				PRODUCT_NAME = "$(TARGET_NAME)";
				SKIP_INSTALL = YES;
				SWIFT_VERSION = 5.0;
				TARGETED_DEVICE_FAMILY = "1,2";
			};
			name = Debug;
		};
		42B79D49253ED243003A8A7F /* Release */ = {
			isa = XCBuildConfiguration;
			buildSettings = {
				ASSETCATALOG_COMPILER_GLOBAL_ACCENT_COLOR_NAME = AccentColor;
				ASSETCATALOG_COMPILER_WIDGET_BACKGROUND_COLOR_NAME = WidgetBackground;
				CODE_SIGN_STYLE = Automatic;
				CURRENT_PROJECT_VERSION = 1;
				DEVELOPMENT_TEAM = HPU8XGH3GG;
				INFOPLIST_FILE = Widget/Info.plist;
				IPHONEOS_DEPLOYMENT_TARGET = 14.0;
				LD_RUNPATH_SEARCH_PATHS = (
					"$(inherited)",
					"@executable_path/Frameworks",
					"@executable_path/../../Frameworks",
				);
				MARKETING_VERSION = 1.3.1;
				PRODUCT_BUNDLE_IDENTIFIER = com.dimigoin.v2.Widget;
				PRODUCT_NAME = "$(TARGET_NAME)";
				SKIP_INSTALL = YES;
				SWIFT_VERSION = 5.0;
				TARGETED_DEVICE_FAMILY = "1,2";
			};
			name = Release;
		};
/* End XCBuildConfiguration section */

/* Begin XCConfigurationList section */
		08C9ABE024A74A53002AF525 /* Build configuration list for PBXProject "dimigoin" */ = {
			isa = XCConfigurationList;
			buildConfigurations = (
				08C9ABF724A74A54002AF525 /* Debug */,
				08C9ABF824A74A54002AF525 /* Release */,
			);
			defaultConfigurationIsVisible = 0;
			defaultConfigurationName = Release;
		};
		08C9ABF924A74A54002AF525 /* Build configuration list for PBXNativeTarget "dimigoin" */ = {
			isa = XCConfigurationList;
			buildConfigurations = (
				08C9ABFA24A74A54002AF525 /* Debug */,
				08C9ABFB24A74A54002AF525 /* Release */,
			);
			defaultConfigurationIsVisible = 0;
			defaultConfigurationName = Release;
		};
		426974AB25464533006417F1 /* Build configuration list for PBXNativeTarget "watchApp Extension" */ = {
			isa = XCConfigurationList;
			buildConfigurations = (
				426974A925464533006417F1 /* Debug */,
				426974AA25464533006417F1 /* Release */,
			);
			defaultConfigurationIsVisible = 0;
			defaultConfigurationName = Release;
		};
		426974AC25464533006417F1 /* Build configuration list for PBXNativeTarget "watchApp" */ = {
			isa = XCConfigurationList;
			buildConfigurations = (
				426974A625464533006417F1 /* Debug */,
				426974A725464533006417F1 /* Release */,
			);
			defaultConfigurationIsVisible = 0;
			defaultConfigurationName = Release;
		};
		42B79D47253ED243003A8A7F /* Build configuration list for PBXNativeTarget "WidgetExtension" */ = {
			isa = XCConfigurationList;
			buildConfigurations = (
				42B79D48253ED243003A8A7F /* Debug */,
				42B79D49253ED243003A8A7F /* Release */,
			);
			defaultConfigurationIsVisible = 0;
			defaultConfigurationName = Release;
		};
/* End XCConfigurationList section */

/* Begin XCRemoteSwiftPackageReference section */
		42B6DE9924DBE5E700B1E299 /* XCRemoteSwiftPackageReference "SwiftyJSON" */ = {
			isa = XCRemoteSwiftPackageReference;
			repositoryURL = "https://github.com/SwiftyJSON/SwiftyJSON.git";
			requirement = {
				kind = upToNextMajorVersion;
				minimumVersion = 5.0.0;
			};
		};
		42C4E4D124CEA8E3004EC6AF /* XCRemoteSwiftPackageReference "Alamofire" */ = {
			isa = XCRemoteSwiftPackageReference;
			repositoryURL = "https://github.com/Alamofire/Alamofire.git";
			requirement = {
				kind = upToNextMajorVersion;
				minimumVersion = 5.2.2;
			};
		};
		42F632D024CACFC400F1F439 /* XCRemoteSwiftPackageReference "SPAlert" */ = {
			isa = XCRemoteSwiftPackageReference;
			repositoryURL = "https://github.com/ivanvorobei/SPAlert";
			requirement = {
				kind = upToNextMajorVersion;
				minimumVersion = 2.1.4;
			};
		};
/* End XCRemoteSwiftPackageReference section */

/* Begin XCSwiftPackageProductDependency section */
		426974CF25464B4D006417F1 /* Alamofire */ = {
			isa = XCSwiftPackageProductDependency;
			package = 42C4E4D124CEA8E3004EC6AF /* XCRemoteSwiftPackageReference "Alamofire" */;
			productName = Alamofire;
		};
		426974D125464B52006417F1 /* SwiftyJSON */ = {
			isa = XCSwiftPackageProductDependency;
			package = 42B6DE9924DBE5E700B1E299 /* XCRemoteSwiftPackageReference "SwiftyJSON" */;
			productName = SwiftyJSON;
		};
		42B6DE9A24DBE5E700B1E299 /* SwiftyJSON */ = {
			isa = XCSwiftPackageProductDependency;
			package = 42B6DE9924DBE5E700B1E299 /* XCRemoteSwiftPackageReference "SwiftyJSON" */;
			productName = SwiftyJSON;
		};
		42B79D74253FD56D003A8A7F /* SPAlert */ = {
			isa = XCSwiftPackageProductDependency;
			package = 42F632D024CACFC400F1F439 /* XCRemoteSwiftPackageReference "SPAlert" */;
			productName = SPAlert;
		};
		42B79D7B253FD5FE003A8A7F /* Alamofire */ = {
			isa = XCSwiftPackageProductDependency;
			package = 42C4E4D124CEA8E3004EC6AF /* XCRemoteSwiftPackageReference "Alamofire" */;
			productName = Alamofire;
		};
		42B79D7D253FD601003A8A7F /* SwiftyJSON */ = {
			isa = XCSwiftPackageProductDependency;
			package = 42B6DE9924DBE5E700B1E299 /* XCRemoteSwiftPackageReference "SwiftyJSON" */;
			productName = SwiftyJSON;
		};
		42C4E4D224CEA8E3004EC6AF /* Alamofire */ = {
			isa = XCSwiftPackageProductDependency;
			package = 42C4E4D124CEA8E3004EC6AF /* XCRemoteSwiftPackageReference "Alamofire" */;
			productName = Alamofire;
		};
		42F632D124CACFC400F1F439 /* SPAlert */ = {
			isa = XCSwiftPackageProductDependency;
			package = 42F632D024CACFC400F1F439 /* XCRemoteSwiftPackageReference "SPAlert" */;
			productName = SPAlert;
		};
/* End XCSwiftPackageProductDependency section */
	};
	rootObject = 08C9ABDD24A74A53002AF525 /* Project object */;
}
