// !$*UTF8*$!
{
	archiveVersion = 1;
	classes = {
	};
	objectVersion = 54;
	objects = {

/* Begin PBXBuildFile section */
		083D74F324A7783300989B47 /* Meal.swift in Sources */ = {isa = PBXBuildFile; fileRef = 083D74F224A7783300989B47 /* Meal.swift */; };
		083D74F524A778AA00989B47 /* Notice.swift in Sources */ = {isa = PBXBuildFile; fileRef = 083D74F424A778AA00989B47 /* Notice.swift */; };
		083D74F924A77A9E00989B47 /* Tokens.swift in Sources */ = {isa = PBXBuildFile; fileRef = 083D74F824A77A9E00989B47 /* Tokens.swift */; };
		086CC54D24AF816200456846 /* VSpacer.swift in Sources */ = {isa = PBXBuildFile; fileRef = 086CC54C24AF816200456846 /* VSpacer.swift */; };
		086CC54F24AF819400456846 /* HSpacer.swift in Sources */ = {isa = PBXBuildFile; fileRef = 086CC54E24AF819400456846 /* HSpacer.swift */; };
		086CC55124AF849D00456846 /* TextStyles.swift in Sources */ = {isa = PBXBuildFile; fileRef = 086CC55024AF849D00456846 /* TextStyles.swift */; };
		088E5D4D24A889CB0031342D /* CardViewModifier.swift in Sources */ = {isa = PBXBuildFile; fileRef = 088E5D4C24A889CB0031342D /* CardViewModifier.swift */; };
		08B8493D24A90432000A9ACD /* Timetable.swift in Sources */ = {isa = PBXBuildFile; fileRef = 08B8493C24A90432000A9ACD /* Timetable.swift */; };
		08C9ABE924A74A53002AF525 /* AppDelegate.swift in Sources */ = {isa = PBXBuildFile; fileRef = 08C9ABE824A74A53002AF525 /* AppDelegate.swift */; };
		08C9ABEB24A74A53002AF525 /* SceneDelegate.swift in Sources */ = {isa = PBXBuildFile; fileRef = 08C9ABEA24A74A53002AF525 /* SceneDelegate.swift */; };
		08C9ABED24A74A53002AF525 /* ContentView.swift in Sources */ = {isa = PBXBuildFile; fileRef = 08C9ABEC24A74A53002AF525 /* ContentView.swift */; };
		08C9ABEF24A74A54002AF525 /* Assets.xcassets in Resources */ = {isa = PBXBuildFile; fileRef = 08C9ABEE24A74A54002AF525 /* Assets.xcassets */; };
		08C9ABF224A74A54002AF525 /* Preview Assets.xcassets in Resources */ = {isa = PBXBuildFile; fileRef = 08C9ABF124A74A54002AF525 /* Preview Assets.xcassets */; };
		08C9ABF524A74A54002AF525 /* LaunchScreen.storyboard in Resources */ = {isa = PBXBuildFile; fileRef = 08C9ABF324A74A54002AF525 /* LaunchScreen.storyboard */; };
		08C9AC1024A74A83002AF525 /* TextFieldModifier.swift in Sources */ = {isa = PBXBuildFile; fileRef = 08C9ABFE24A74A83002AF525 /* TextFieldModifier.swift */; };
		08C9AC1124A74A83002AF525 /* Ingang.swift in Sources */ = {isa = PBXBuildFile; fileRef = 08C9AC0024A74A83002AF525 /* Ingang.swift */; };
		08C9AC1424A74A83002AF525 /* LoginView.swift in Sources */ = {isa = PBXBuildFile; fileRef = 08C9AC0424A74A83002AF525 /* LoginView.swift */; };
		08C9AC1724A74A83002AF525 /* MainView.swift in Sources */ = {isa = PBXBuildFile; fileRef = 08C9AC0724A74A83002AF525 /* MainView.swift */; };
		08C9AC1C24A74A83002AF525 /* IngangItem.swift in Sources */ = {isa = PBXBuildFile; fileRef = 08C9AC0D24A74A83002AF525 /* IngangItem.swift */; };
		420D92672557F79300CDF76A /* TextStyles.swift in Sources */ = {isa = PBXBuildFile; fileRef = 086CC55024AF849D00456846 /* TextStyles.swift */; };
		420D92712557F79F00CDF76A /* HSpacer.swift in Sources */ = {isa = PBXBuildFile; fileRef = 086CC54E24AF819400456846 /* HSpacer.swift */; };
		420D927B2557F7A200CDF76A /* VSpacer.swift in Sources */ = {isa = PBXBuildFile; fileRef = 086CC54C24AF816200456846 /* VSpacer.swift */; };
		420D9285255800C700CDF76A /* CopyrightText.swift in Sources */ = {isa = PBXBuildFile; fileRef = 42C487C924DDB73000C594CB /* CopyrightText.swift */; };
		4212D98024CC124B00FF82D5 /* DateTime.swift in Sources */ = {isa = PBXBuildFile; fileRef = 4212D97F24CC124B00FF82D5 /* DateTime.swift */; };
		4212D98324CC6A0400FF82D5 /* User.swift in Sources */ = {isa = PBXBuildFile; fileRef = 4212D98224CC6A0400FF82D5 /* User.swift */; };
		42364EAC24B14E02008427D5 /* KeyboardResponsive.swift in Sources */ = {isa = PBXBuildFile; fileRef = 42364EAB24B14E02008427D5 /* KeyboardResponsive.swift */; };
		423A9EEA24E026EC00E046BE /* OptionView.swift in Sources */ = {isa = PBXBuildFile; fileRef = 423A9EE924E026EC00E046BE /* OptionView.swift */; };
		423B71F024B191AF0099CE3E /* ClearButton.swift in Sources */ = {isa = PBXBuildFile; fileRef = 423B71EF24B191AF0099CE3E /* ClearButton.swift */; };
		423B71F424B1B3F60099CE3E /* CustomBoxModifier.swift in Sources */ = {isa = PBXBuildFile; fileRef = 423B71F324B1B3F60099CE3E /* CustomBoxModifier.swift */; };
		4250011C25595C2900C593CF /* AlertView.swift in Sources */ = {isa = PBXBuildFile; fileRef = 4250011B25595C2900C593CF /* AlertView.swift */; };
		4250012625595F9E00C593CF /* Alert.swift in Sources */ = {isa = PBXBuildFile; fileRef = 4250012525595F9E00C593CF /* Alert.swift */; };
		4288B938253E57260022B11A /* Notification.swift in Sources */ = {isa = PBXBuildFile; fileRef = 4288B937253E57260022B11A /* Notification.swift */; };
		428DC35E255EC40F00A4A7B5 /* WeeklyMealView.swift in Sources */ = {isa = PBXBuildFile; fileRef = 428DC35D255EC40F00A4A7B5 /* WeeklyMealView.swift */; };
		4299F4F72555865600D5E081 /* JWTDecode in Frameworks */ = {isa = PBXBuildFile; productRef = 4299F4F62555865600D5E081 /* JWTDecode */; };
		429F8C79253B42A70068E3FD /* Options.swift in Sources */ = {isa = PBXBuildFile; fileRef = 429F8C78253B42A70068E3FD /* Options.swift */; };
		42B6DE9B24DBE5E700B1E299 /* SwiftyJSON in Frameworks */ = {isa = PBXBuildFile; productRef = 42B6DE9A24DBE5E700B1E299 /* SwiftyJSON */; };
		42B79D3C253ED242003A8A7F /* WidgetKit.framework in Frameworks */ = {isa = PBXBuildFile; fileRef = 420DE42124B4A70E00005663 /* WidgetKit.framework */; };
		42B79D3D253ED242003A8A7F /* SwiftUI.framework in Frameworks */ = {isa = PBXBuildFile; fileRef = 420DE42324B4A70E00005663 /* SwiftUI.framework */; };
		42B79D40253ED242003A8A7F /* Widget.swift in Sources */ = {isa = PBXBuildFile; fileRef = 42B79D3F253ED242003A8A7F /* Widget.swift */; };
		42B79D42253ED243003A8A7F /* Assets.xcassets in Resources */ = {isa = PBXBuildFile; fileRef = 42B79D41253ED243003A8A7F /* Assets.xcassets */; };
		42B79D46253ED243003A8A7F /* WidgetExtension.appex in Embed App Extensions */ = {isa = PBXBuildFile; fileRef = 42B79D3B253ED242003A8A7F /* WidgetExtension.appex */; settings = {ATTRIBUTES = (RemoveHeadersOnCopy, ); }; };
		42B79D57253F28CB003A8A7F /* Timetable.swift in Sources */ = {isa = PBXBuildFile; fileRef = 08B8493C24A90432000A9ACD /* Timetable.swift */; };
		42B79D63253F2B91003A8A7F /* DateTime.swift in Sources */ = {isa = PBXBuildFile; fileRef = 4212D97F24CC124B00FF82D5 /* DateTime.swift */; };
		42B79D71253F2D5D003A8A7F /* Assets.xcassets in Resources */ = {isa = PBXBuildFile; fileRef = 08C9ABEE24A74A54002AF525 /* Assets.xcassets */; };
		42B79D75253FD56D003A8A7F /* SPAlert in Frameworks */ = {isa = PBXBuildFile; productRef = 42B79D74253FD56D003A8A7F /* SPAlert */; };
		42B79D78253FD5F4003A8A7F /* User.swift in Sources */ = {isa = PBXBuildFile; fileRef = 4212D98224CC6A0400FF82D5 /* User.swift */; };
		42B79D7C253FD5FE003A8A7F /* Alamofire in Frameworks */ = {isa = PBXBuildFile; productRef = 42B79D7B253FD5FE003A8A7F /* Alamofire */; };
		42B79D7E253FD601003A8A7F /* SwiftyJSON in Frameworks */ = {isa = PBXBuildFile; productRef = 42B79D7D253FD601003A8A7F /* SwiftyJSON */; };
		42B79D81253FD674003A8A7F /* Tokens.swift in Sources */ = {isa = PBXBuildFile; fileRef = 083D74F824A77A9E00989B47 /* Tokens.swift */; };
		42B79D84253FD678003A8A7F /* Meal.swift in Sources */ = {isa = PBXBuildFile; fileRef = 083D74F224A7783300989B47 /* Meal.swift */; };
		42B79D8D253FD7D7003A8A7F /* NextMealWidget.swift in Sources */ = {isa = PBXBuildFile; fileRef = 42B79D8C253FD7D7003A8A7F /* NextMealWidget.swift */; };
		42C487CA24DDB73000C594CB /* CopyrightText.swift in Sources */ = {isa = PBXBuildFile; fileRef = 42C487C924DDB73000C594CB /* CopyrightText.swift */; };
		42C4E4D324CEA8E3004EC6AF /* Alamofire in Frameworks */ = {isa = PBXBuildFile; productRef = 42C4E4D224CEA8E3004EC6AF /* Alamofire */; };
		42C72C052559FED900E3294E /* StudentIdCardView.swift in Sources */ = {isa = PBXBuildFile; fileRef = 42C72C042559FED900E3294E /* StudentIdCardView.swift */; };
		42C72C0F255B5A0900E3294E /* JWTDecode in Frameworks */ = {isa = PBXBuildFile; productRef = 42C72C0E255B5A0900E3294E /* JWTDecode */; };
		42C72C15255B614800E3294E /* Carousel.swift in Sources */ = {isa = PBXBuildFile; fileRef = 42C72C14255B614800E3294E /* Carousel.swift */; };
		42D7B19925586B1800FEC96B /* SnapScrollModifier.swift in Sources */ = {isa = PBXBuildFile; fileRef = 42D7B19825586B1800FEC96B /* SnapScrollModifier.swift */; };
		42DBE5A92536BABE00E5F4EA /* Openas.ttf in Resources */ = {isa = PBXBuildFile; fileRef = 42DBE5A82536BABD00E5F4EA /* Openas.ttf */; };
		42EFCD992558073200F3DC5E /* NotoSansKR-Bold.otf in Resources */ = {isa = PBXBuildFile; fileRef = 42EFCD932558073200F3DC5E /* NotoSansKR-Bold.otf */; };
		42EFCD9A2558073200F3DC5E /* NotoSansKR-Bold.otf in Resources */ = {isa = PBXBuildFile; fileRef = 42EFCD932558073200F3DC5E /* NotoSansKR-Bold.otf */; };
		42EFCD9D2558073200F3DC5E /* NotoSansKR-Light.otf in Resources */ = {isa = PBXBuildFile; fileRef = 42EFCD942558073200F3DC5E /* NotoSansKR-Light.otf */; };
		42EFCD9E2558073200F3DC5E /* NotoSansKR-Light.otf in Resources */ = {isa = PBXBuildFile; fileRef = 42EFCD942558073200F3DC5E /* NotoSansKR-Light.otf */; };
		42EFCDA12558073200F3DC5E /* NotoSansKR-Regular.otf in Resources */ = {isa = PBXBuildFile; fileRef = 42EFCD952558073200F3DC5E /* NotoSansKR-Regular.otf */; };
		42EFCDA22558073200F3DC5E /* NotoSansKR-Regular.otf in Resources */ = {isa = PBXBuildFile; fileRef = 42EFCD952558073200F3DC5E /* NotoSansKR-Regular.otf */; };
		42EFCDA52558073200F3DC5E /* NotoSansKR-Black.otf in Resources */ = {isa = PBXBuildFile; fileRef = 42EFCD962558073200F3DC5E /* NotoSansKR-Black.otf */; };
		42EFCDA62558073200F3DC5E /* NotoSansKR-Black.otf in Resources */ = {isa = PBXBuildFile; fileRef = 42EFCD962558073200F3DC5E /* NotoSansKR-Black.otf */; };
		42EFCDA92558073200F3DC5E /* NotoSansKR-Medium.otf in Resources */ = {isa = PBXBuildFile; fileRef = 42EFCD972558073200F3DC5E /* NotoSansKR-Medium.otf */; };
		42EFCDAA2558073200F3DC5E /* NotoSansKR-Medium.otf in Resources */ = {isa = PBXBuildFile; fileRef = 42EFCD972558073200F3DC5E /* NotoSansKR-Medium.otf */; };
		42EFCDAD2558073200F3DC5E /* NotoSansKR-Thin.otf in Resources */ = {isa = PBXBuildFile; fileRef = 42EFCD982558073200F3DC5E /* NotoSansKR-Thin.otf */; };
		42EFCDAE2558073200F3DC5E /* NotoSansKR-Thin.otf in Resources */ = {isa = PBXBuildFile; fileRef = 42EFCD982558073200F3DC5E /* NotoSansKR-Thin.otf */; };
		42EFCDD22558141000F3DC5E /* AssignView.swift in Sources */ = {isa = PBXBuildFile; fileRef = 42EFCDD12558141000F3DC5E /* AssignView.swift */; };
		42EFCDD82558188100F3DC5E /* TapBar.swift in Sources */ = {isa = PBXBuildFile; fileRef = 42EFCDD72558188100F3DC5E /* TapBar.swift */; };
		42EFCDE625581C4500F3DC5E /* HomeView.swift in Sources */ = {isa = PBXBuildFile; fileRef = 42EFCDE525581C4500F3DC5E /* HomeView.swift */; };
		42EFCDF025581D4E00F3DC5E /* MealView.swift in Sources */ = {isa = PBXBuildFile; fileRef = 42EFCDEF25581D4E00F3DC5E /* MealView.swift */; };
		42EFCDFE255829B100F3DC5E /* SectionHeader.swift in Sources */ = {isa = PBXBuildFile; fileRef = 42EFCDFD255829B100F3DC5E /* SectionHeader.swift */; };
		42EFCE042558340000F3DC5E /* MealItem.swift in Sources */ = {isa = PBXBuildFile; fileRef = 42EFCE032558340000F3DC5E /* MealItem.swift */; };
		42EFCE16255848C300F3DC5E /* LocationSelection.swift in Sources */ = {isa = PBXBuildFile; fileRef = 42EFCE15255848C300F3DC5E /* LocationSelection.swift */; };
		42EFCE20255851B500F3DC5E /* IngangView.swift in Sources */ = {isa = PBXBuildFile; fileRef = 42EFCE1F255851B500F3DC5E /* IngangView.swift */; };
		42EFCE2E255852DD00F3DC5E /* ViewTitle.swift in Sources */ = {isa = PBXBuildFile; fileRef = 42EFCE2D255852DD00F3DC5E /* ViewTitle.swift */; };
		42F632D224CACFC400F1F439 /* SPAlert in Frameworks */ = {isa = PBXBuildFile; productRef = 42F632D124CACFC400F1F439 /* SPAlert */; };
		42F73BA8253FF4BF008E8B25 /* DailyMealWidget.swift in Sources */ = {isa = PBXBuildFile; fileRef = 42F73BA6253FF4BF008E8B25 /* DailyMealWidget.swift */; };
		42F73BAD25400F5D008E8B25 /* Openas.ttf in Resources */ = {isa = PBXBuildFile; fileRef = 42DBE5A82536BABD00E5F4EA /* Openas.ttf */; };
/* End PBXBuildFile section */

/* Begin PBXContainerItemProxy section */
		42B79D44253ED243003A8A7F /* PBXContainerItemProxy */ = {
			isa = PBXContainerItemProxy;
			containerPortal = 08C9ABDD24A74A53002AF525 /* Project object */;
			proxyType = 1;
			remoteGlobalIDString = 42B79D3A253ED242003A8A7F;
			remoteInfo = WidgetExtension;
		};
/* End PBXContainerItemProxy section */

/* Begin PBXCopyFilesBuildPhase section */
		426974A525464533006417F1 /* Embed Watch Content */ = {
			isa = PBXCopyFilesBuildPhase;
			buildActionMask = 2147483647;
			dstPath = "$(CONTENTS_FOLDER_PATH)/Watch";
			dstSubfolderSpec = 16;
			files = (
			);
			name = "Embed Watch Content";
			runOnlyForDeploymentPostprocessing = 0;
		};
		429FD88B24B202DA003A49AF /* Embed App Extensions */ = {
			isa = PBXCopyFilesBuildPhase;
			buildActionMask = 2147483647;
			dstPath = "";
			dstSubfolderSpec = 13;
			files = (
				42B79D46253ED243003A8A7F /* WidgetExtension.appex in Embed App Extensions */,
			);
			name = "Embed App Extensions";
			runOnlyForDeploymentPostprocessing = 0;
		};
/* End PBXCopyFilesBuildPhase section */

/* Begin PBXFileReference section */
		083D74F224A7783300989B47 /* Meal.swift */ = {isa = PBXFileReference; lastKnownFileType = sourcecode.swift; path = Meal.swift; sourceTree = "<group>"; };
		083D74F424A778AA00989B47 /* Notice.swift */ = {isa = PBXFileReference; lastKnownFileType = sourcecode.swift; path = Notice.swift; sourceTree = "<group>"; };
		083D74F824A77A9E00989B47 /* Tokens.swift */ = {isa = PBXFileReference; lastKnownFileType = sourcecode.swift; path = Tokens.swift; sourceTree = "<group>"; };
		086CC54C24AF816200456846 /* VSpacer.swift */ = {isa = PBXFileReference; lastKnownFileType = sourcecode.swift; path = VSpacer.swift; sourceTree = "<group>"; };
		086CC54E24AF819400456846 /* HSpacer.swift */ = {isa = PBXFileReference; lastKnownFileType = sourcecode.swift; path = HSpacer.swift; sourceTree = "<group>"; };
		086CC55024AF849D00456846 /* TextStyles.swift */ = {isa = PBXFileReference; lastKnownFileType = sourcecode.swift; path = TextStyles.swift; sourceTree = "<group>"; };
		088E5D4C24A889CB0031342D /* CardViewModifier.swift */ = {isa = PBXFileReference; lastKnownFileType = sourcecode.swift; path = CardViewModifier.swift; sourceTree = "<group>"; };
		08B8493C24A90432000A9ACD /* Timetable.swift */ = {isa = PBXFileReference; lastKnownFileType = sourcecode.swift; path = Timetable.swift; sourceTree = "<group>"; };
		08C9ABE524A74A53002AF525 /* DimigoIN.app */ = {isa = PBXFileReference; explicitFileType = wrapper.application; includeInIndex = 0; path = DimigoIN.app; sourceTree = BUILT_PRODUCTS_DIR; };
		08C9ABE824A74A53002AF525 /* AppDelegate.swift */ = {isa = PBXFileReference; lastKnownFileType = sourcecode.swift; path = AppDelegate.swift; sourceTree = "<group>"; };
		08C9ABEA24A74A53002AF525 /* SceneDelegate.swift */ = {isa = PBXFileReference; lastKnownFileType = sourcecode.swift; path = SceneDelegate.swift; sourceTree = "<group>"; };
		08C9ABEC24A74A53002AF525 /* ContentView.swift */ = {isa = PBXFileReference; lastKnownFileType = sourcecode.swift; path = ContentView.swift; sourceTree = "<group>"; };
		08C9ABEE24A74A54002AF525 /* Assets.xcassets */ = {isa = PBXFileReference; lastKnownFileType = folder.assetcatalog; path = Assets.xcassets; sourceTree = "<group>"; };
		08C9ABF124A74A54002AF525 /* Preview Assets.xcassets */ = {isa = PBXFileReference; lastKnownFileType = folder.assetcatalog; path = "Preview Assets.xcassets"; sourceTree = "<group>"; };
		08C9ABF424A74A54002AF525 /* Base */ = {isa = PBXFileReference; lastKnownFileType = file.storyboard; name = Base; path = Base.lproj/LaunchScreen.storyboard; sourceTree = "<group>"; };
		08C9ABF624A74A54002AF525 /* Info.plist */ = {isa = PBXFileReference; lastKnownFileType = text.plist.xml; path = Info.plist; sourceTree = "<group>"; };
		08C9ABFE24A74A83002AF525 /* TextFieldModifier.swift */ = {isa = PBXFileReference; fileEncoding = 4; lastKnownFileType = sourcecode.swift; path = TextFieldModifier.swift; sourceTree = "<group>"; };
		08C9AC0024A74A83002AF525 /* Ingang.swift */ = {isa = PBXFileReference; fileEncoding = 4; lastKnownFileType = sourcecode.swift; path = Ingang.swift; sourceTree = "<group>"; };
		08C9AC0424A74A83002AF525 /* LoginView.swift */ = {isa = PBXFileReference; fileEncoding = 4; lastKnownFileType = sourcecode.swift; path = LoginView.swift; sourceTree = "<group>"; };
		08C9AC0724A74A83002AF525 /* MainView.swift */ = {isa = PBXFileReference; fileEncoding = 4; lastKnownFileType = sourcecode.swift; path = MainView.swift; sourceTree = "<group>"; };
		08C9AC0D24A74A83002AF525 /* IngangItem.swift */ = {isa = PBXFileReference; fileEncoding = 4; lastKnownFileType = sourcecode.swift; path = IngangItem.swift; sourceTree = "<group>"; };
		420DE42124B4A70E00005663 /* WidgetKit.framework */ = {isa = PBXFileReference; lastKnownFileType = wrapper.framework; name = WidgetKit.framework; path = System/Library/Frameworks/WidgetKit.framework; sourceTree = SDKROOT; };
		420DE42324B4A70E00005663 /* SwiftUI.framework */ = {isa = PBXFileReference; lastKnownFileType = wrapper.framework; name = SwiftUI.framework; path = System/Library/Frameworks/SwiftUI.framework; sourceTree = SDKROOT; };
		4212D96A24CBB24100FF82D5 /* IntentsUI.framework */ = {isa = PBXFileReference; lastKnownFileType = wrapper.framework; name = IntentsUI.framework; path = System/Library/Frameworks/IntentsUI.framework; sourceTree = SDKROOT; };
		4212D97F24CC124B00FF82D5 /* DateTime.swift */ = {isa = PBXFileReference; lastKnownFileType = sourcecode.swift; path = DateTime.swift; sourceTree = "<group>"; };
		4212D98224CC6A0400FF82D5 /* User.swift */ = {isa = PBXFileReference; lastKnownFileType = sourcecode.swift; path = User.swift; sourceTree = "<group>"; };
		42364EAB24B14E02008427D5 /* KeyboardResponsive.swift */ = {isa = PBXFileReference; lastKnownFileType = sourcecode.swift; path = KeyboardResponsive.swift; sourceTree = "<group>"; };
		423A9EE924E026EC00E046BE /* OptionView.swift */ = {isa = PBXFileReference; lastKnownFileType = sourcecode.swift; path = OptionView.swift; sourceTree = "<group>"; };
		423B71EF24B191AF0099CE3E /* ClearButton.swift */ = {isa = PBXFileReference; lastKnownFileType = sourcecode.swift; path = ClearButton.swift; sourceTree = "<group>"; };
		423B71F324B1B3F60099CE3E /* CustomBoxModifier.swift */ = {isa = PBXFileReference; lastKnownFileType = sourcecode.swift; path = CustomBoxModifier.swift; sourceTree = "<group>"; };
		4250011B25595C2900C593CF /* AlertView.swift */ = {isa = PBXFileReference; lastKnownFileType = sourcecode.swift; path = AlertView.swift; sourceTree = "<group>"; };
		4250012525595F9E00C593CF /* Alert.swift */ = {isa = PBXFileReference; lastKnownFileType = sourcecode.swift; path = Alert.swift; sourceTree = "<group>"; };
		4288B937253E57260022B11A /* Notification.swift */ = {isa = PBXFileReference; lastKnownFileType = sourcecode.swift; path = Notification.swift; sourceTree = "<group>"; };
		428DC354255EB4F300A4A7B5 /* NotoSansKR-Light.otf */ = {isa = PBXFileReference; lastKnownFileType = file; path = "NotoSansKR-Light.otf"; sourceTree = "<group>"; };
		428DC355255EB4F400A4A7B5 /* NotoSansKR-Bold.otf */ = {isa = PBXFileReference; lastKnownFileType = file; path = "NotoSansKR-Bold.otf"; sourceTree = "<group>"; };
		428DC356255EB4F400A4A7B5 /* Openas.ttf */ = {isa = PBXFileReference; lastKnownFileType = file; path = Openas.ttf; sourceTree = "<group>"; };
		428DC357255EB4F400A4A7B5 /* NotoSansKR-Regular.otf */ = {isa = PBXFileReference; lastKnownFileType = file; path = "NotoSansKR-Regular.otf"; sourceTree = "<group>"; };
		428DC358255EB4F400A4A7B5 /* NotoSansKR-Black.otf */ = {isa = PBXFileReference; lastKnownFileType = file; path = "NotoSansKR-Black.otf"; sourceTree = "<group>"; };
		428DC359255EB4F400A4A7B5 /* NotoSansKR-Medium.otf */ = {isa = PBXFileReference; lastKnownFileType = file; path = "NotoSansKR-Medium.otf"; sourceTree = "<group>"; };
		428DC35A255EB4F400A4A7B5 /* NotoSansKR-Thin.otf */ = {isa = PBXFileReference; lastKnownFileType = file; path = "NotoSansKR-Thin.otf"; sourceTree = "<group>"; };
		428DC35D255EC40F00A4A7B5 /* WeeklyMealView.swift */ = {isa = PBXFileReference; lastKnownFileType = sourcecode.swift; path = WeeklyMealView.swift; sourceTree = "<group>"; };
		429F8C78253B42A70068E3FD /* Options.swift */ = {isa = PBXFileReference; lastKnownFileType = sourcecode.swift; path = Options.swift; sourceTree = "<group>"; };
		429FD87F24B202DA003A49AF /* NotificationCenter.framework */ = {isa = PBXFileReference; lastKnownFileType = wrapper.framework; name = NotificationCenter.framework; path = System/Library/Frameworks/NotificationCenter.framework; sourceTree = SDKROOT; };
		42B79D3B253ED242003A8A7F /* WidgetExtension.appex */ = {isa = PBXFileReference; explicitFileType = "wrapper.app-extension"; includeInIndex = 0; path = WidgetExtension.appex; sourceTree = BUILT_PRODUCTS_DIR; };
		42B79D3F253ED242003A8A7F /* Widget.swift */ = {isa = PBXFileReference; lastKnownFileType = sourcecode.swift; path = Widget.swift; sourceTree = "<group>"; };
		42B79D41253ED243003A8A7F /* Assets.xcassets */ = {isa = PBXFileReference; lastKnownFileType = folder.assetcatalog; path = Assets.xcassets; sourceTree = "<group>"; };
		42B79D43253ED243003A8A7F /* Info.plist */ = {isa = PBXFileReference; lastKnownFileType = text.plist.xml; path = Info.plist; sourceTree = "<group>"; };
		42B79D8C253FD7D7003A8A7F /* NextMealWidget.swift */ = {isa = PBXFileReference; lastKnownFileType = sourcecode.swift; path = NextMealWidget.swift; sourceTree = "<group>"; };
		42C487C924DDB73000C594CB /* CopyrightText.swift */ = {isa = PBXFileReference; lastKnownFileType = sourcecode.swift; path = CopyrightText.swift; sourceTree = "<group>"; };
		42C72C042559FED900E3294E /* StudentIdCardView.swift */ = {isa = PBXFileReference; lastKnownFileType = sourcecode.swift; path = StudentIdCardView.swift; sourceTree = "<group>"; };
		42C72C14255B614800E3294E /* Carousel.swift */ = {isa = PBXFileReference; lastKnownFileType = sourcecode.swift; path = Carousel.swift; sourceTree = "<group>"; };
		42D7B19825586B1800FEC96B /* SnapScrollModifier.swift */ = {isa = PBXFileReference; lastKnownFileType = sourcecode.swift; path = SnapScrollModifier.swift; sourceTree = "<group>"; };
		42DBE5A82536BABD00E5F4EA /* Openas.ttf */ = {isa = PBXFileReference; lastKnownFileType = file; path = Openas.ttf; sourceTree = "<group>"; };
		42EFCD932558073200F3DC5E /* NotoSansKR-Bold.otf */ = {isa = PBXFileReference; lastKnownFileType = file; path = "NotoSansKR-Bold.otf"; sourceTree = "<group>"; };
		42EFCD942558073200F3DC5E /* NotoSansKR-Light.otf */ = {isa = PBXFileReference; lastKnownFileType = file; path = "NotoSansKR-Light.otf"; sourceTree = "<group>"; };
		42EFCD952558073200F3DC5E /* NotoSansKR-Regular.otf */ = {isa = PBXFileReference; lastKnownFileType = file; path = "NotoSansKR-Regular.otf"; sourceTree = "<group>"; };
		42EFCD962558073200F3DC5E /* NotoSansKR-Black.otf */ = {isa = PBXFileReference; lastKnownFileType = file; path = "NotoSansKR-Black.otf"; sourceTree = "<group>"; };
		42EFCD972558073200F3DC5E /* NotoSansKR-Medium.otf */ = {isa = PBXFileReference; lastKnownFileType = file; path = "NotoSansKR-Medium.otf"; sourceTree = "<group>"; };
		42EFCD982558073200F3DC5E /* NotoSansKR-Thin.otf */ = {isa = PBXFileReference; lastKnownFileType = file; path = "NotoSansKR-Thin.otf"; sourceTree = "<group>"; };
		42EFCDD12558141000F3DC5E /* AssignView.swift */ = {isa = PBXFileReference; lastKnownFileType = sourcecode.swift; path = AssignView.swift; sourceTree = "<group>"; };
		42EFCDD72558188100F3DC5E /* TapBar.swift */ = {isa = PBXFileReference; lastKnownFileType = sourcecode.swift; path = TapBar.swift; sourceTree = "<group>"; };
		42EFCDE525581C4500F3DC5E /* HomeView.swift */ = {isa = PBXFileReference; lastKnownFileType = sourcecode.swift; path = HomeView.swift; sourceTree = "<group>"; };
		42EFCDEF25581D4E00F3DC5E /* MealView.swift */ = {isa = PBXFileReference; lastKnownFileType = sourcecode.swift; path = MealView.swift; sourceTree = "<group>"; };
		42EFCDFD255829B100F3DC5E /* SectionHeader.swift */ = {isa = PBXFileReference; lastKnownFileType = sourcecode.swift; path = SectionHeader.swift; sourceTree = "<group>"; };
		42EFCE032558340000F3DC5E /* MealItem.swift */ = {isa = PBXFileReference; lastKnownFileType = sourcecode.swift; path = MealItem.swift; sourceTree = "<group>"; };
		42EFCE15255848C300F3DC5E /* LocationSelection.swift */ = {isa = PBXFileReference; lastKnownFileType = sourcecode.swift; path = LocationSelection.swift; sourceTree = "<group>"; };
		42EFCE1F255851B500F3DC5E /* IngangView.swift */ = {isa = PBXFileReference; lastKnownFileType = sourcecode.swift; path = IngangView.swift; sourceTree = "<group>"; };
		42EFCE2D255852DD00F3DC5E /* ViewTitle.swift */ = {isa = PBXFileReference; lastKnownFileType = sourcecode.swift; path = ViewTitle.swift; sourceTree = "<group>"; };
		42F73BA6253FF4BF008E8B25 /* DailyMealWidget.swift */ = {isa = PBXFileReference; lastKnownFileType = sourcecode.swift; path = DailyMealWidget.swift; sourceTree = "<group>"; };
/* End PBXFileReference section */

/* Begin PBXFrameworksBuildPhase section */
		08C9ABE224A74A53002AF525 /* Frameworks */ = {
			isa = PBXFrameworksBuildPhase;
			buildActionMask = 2147483647;
			files = (
				42B6DE9B24DBE5E700B1E299 /* SwiftyJSON in Frameworks */,
				42C4E4D324CEA8E3004EC6AF /* Alamofire in Frameworks */,
				4299F4F72555865600D5E081 /* JWTDecode in Frameworks */,
				42F632D224CACFC400F1F439 /* SPAlert in Frameworks */,
			);
			runOnlyForDeploymentPostprocessing = 0;
		};
		42B79D38253ED242003A8A7F /* Frameworks */ = {
			isa = PBXFrameworksBuildPhase;
			buildActionMask = 2147483647;
			files = (
				42B79D75253FD56D003A8A7F /* SPAlert in Frameworks */,
				42B79D7C253FD5FE003A8A7F /* Alamofire in Frameworks */,
				42C72C0F255B5A0900E3294E /* JWTDecode in Frameworks */,
				42B79D3D253ED242003A8A7F /* SwiftUI.framework in Frameworks */,
				42B79D7E253FD601003A8A7F /* SwiftyJSON in Frameworks */,
				42B79D3C253ED242003A8A7F /* WidgetKit.framework in Frameworks */,
			);
			runOnlyForDeploymentPostprocessing = 0;
		};
/* End PBXFrameworksBuildPhase section */

/* Begin PBXGroup section */
		08C9ABDC24A74A53002AF525 = {
			isa = PBXGroup;
			children = (
				08C9ABE724A74A53002AF525 /* dimigoin */,
				42B79D3E253ED242003A8A7F /* Widget */,
				08C9ABE624A74A53002AF525 /* Products */,
				228AAA612779C507EC76E9D9 /* Frameworks */,
			);
			sourceTree = "<group>";
		};
		08C9ABE624A74A53002AF525 /* Products */ = {
			isa = PBXGroup;
			children = (
				08C9ABE524A74A53002AF525 /* DimigoIN.app */,
				42B79D3B253ED242003A8A7F /* WidgetExtension.appex */,
			);
			name = Products;
			sourceTree = "<group>";
		};
		08C9ABE724A74A53002AF525 /* dimigoin */ = {
			isa = PBXGroup;
			children = (
				08C9AC0124A74A83002AF525 /* Views */,
				08C9ABFF24A74A83002AF525 /* Model */,
				08C9AC0824A74A83002AF525 /* Components */,
				08C9ABFC24A74A83002AF525 /* Modifiers */,
				428DC353255EB4F300A4A7B5 /* Fonts */,
				42364EA124AFF1B5008427D5 /* Application */,
				08C9ABF024A74A54002AF525 /* Preview Content */,
				08C9ABEE24A74A54002AF525 /* Assets.xcassets */,
			);
			path = dimigoin;
			sourceTree = "<group>";
		};
		08C9ABF024A74A54002AF525 /* Preview Content */ = {
			isa = PBXGroup;
			children = (
				08C9ABF124A74A54002AF525 /* Preview Assets.xcassets */,
			);
			path = "Preview Content";
			sourceTree = "<group>";
		};
		08C9ABFC24A74A83002AF525 /* Modifiers */ = {
			isa = PBXGroup;
			children = (
				08C9ABFE24A74A83002AF525 /* TextFieldModifier.swift */,
				088E5D4C24A889CB0031342D /* CardViewModifier.swift */,
				42364EAB24B14E02008427D5 /* KeyboardResponsive.swift */,
				423B71EF24B191AF0099CE3E /* ClearButton.swift */,
				423B71F324B1B3F60099CE3E /* CustomBoxModifier.swift */,
				42D7B19825586B1800FEC96B /* SnapScrollModifier.swift */,
			);
			path = Modifiers;
			sourceTree = "<group>";
		};
		08C9ABFF24A74A83002AF525 /* Model */ = {
			isa = PBXGroup;
			children = (
				4212D98224CC6A0400FF82D5 /* User.swift */,
				08C9AC0024A74A83002AF525 /* Ingang.swift */,
				08B8493C24A90432000A9ACD /* Timetable.swift */,
				083D74F224A7783300989B47 /* Meal.swift */,
				083D74F424A778AA00989B47 /* Notice.swift */,
				083D74F824A77A9E00989B47 /* Tokens.swift */,
				4212D97F24CC124B00FF82D5 /* DateTime.swift */,
				429F8C78253B42A70068E3FD /* Options.swift */,
				4288B937253E57260022B11A /* Notification.swift */,
				4250012525595F9E00C593CF /* Alert.swift */,
			);
			path = Model;
			sourceTree = "<group>";
		};
		08C9AC0124A74A83002AF525 /* Views */ = {
			isa = PBXGroup;
			children = (
				08C9AC0424A74A83002AF525 /* LoginView.swift */,
				08C9ABEC24A74A53002AF525 /* ContentView.swift */,
				42EFCDE525581C4500F3DC5E /* HomeView.swift */,
				08C9AC0724A74A83002AF525 /* MainView.swift */,
				42EFCDEF25581D4E00F3DC5E /* MealView.swift */,
				428DC35D255EC40F00A4A7B5 /* WeeklyMealView.swift */,
				42EFCE1F255851B500F3DC5E /* IngangView.swift */,
				42C72C042559FED900E3294E /* StudentIdCardView.swift */,
				423A9EE924E026EC00E046BE /* OptionView.swift */,
				42EFCDD12558141000F3DC5E /* AssignView.swift */,
			);
			path = Views;
			sourceTree = "<group>";
		};
		08C9AC0824A74A83002AF525 /* Components */ = {
			isa = PBXGroup;
			children = (
				42C72C14255B614800E3294E /* Carousel.swift */,
				4250011B25595C2900C593CF /* AlertView.swift */,
				086CC55024AF849D00456846 /* TextStyles.swift */,
				42EFCE032558340000F3DC5E /* MealItem.swift */,
				42EFCE15255848C300F3DC5E /* LocationSelection.swift */,
				42EFCDD72558188100F3DC5E /* TapBar.swift */,
				086CC54C24AF816200456846 /* VSpacer.swift */,
				086CC54E24AF819400456846 /* HSpacer.swift */,
				08C9AC0D24A74A83002AF525 /* IngangItem.swift */,
				42C487C924DDB73000C594CB /* CopyrightText.swift */,
				42EFCDFD255829B100F3DC5E /* SectionHeader.swift */,
				42EFCE2D255852DD00F3DC5E /* ViewTitle.swift */,
			);
			path = Components;
			sourceTree = "<group>";
		};
		228AAA612779C507EC76E9D9 /* Frameworks */ = {
			isa = PBXGroup;
			children = (
				429FD87F24B202DA003A49AF /* NotificationCenter.framework */,
				420DE42124B4A70E00005663 /* WidgetKit.framework */,
				420DE42324B4A70E00005663 /* SwiftUI.framework */,
				4212D96A24CBB24100FF82D5 /* IntentsUI.framework */,
			);
			name = Frameworks;
			sourceTree = "<group>";
		};
		42364EA124AFF1B5008427D5 /* Application */ = {
			isa = PBXGroup;
			children = (
				08C9ABE824A74A53002AF525 /* AppDelegate.swift */,
				08C9ABEA24A74A53002AF525 /* SceneDelegate.swift */,
				08C9ABF324A74A54002AF525 /* LaunchScreen.storyboard */,
				08C9ABF624A74A54002AF525 /* Info.plist */,
			);
			path = Application;
			sourceTree = "<group>";
		};
		42364EA224B0CFB9008427D5 /* Fonts */ = {
			isa = PBXGroup;
			children = (
				42DBE5A82536BABD00E5F4EA /* Openas.ttf */,
				42EFCD962558073200F3DC5E /* NotoSansKR-Black.otf */,
				42EFCD932558073200F3DC5E /* NotoSansKR-Bold.otf */,
				42EFCD942558073200F3DC5E /* NotoSansKR-Light.otf */,
				42EFCD972558073200F3DC5E /* NotoSansKR-Medium.otf */,
				42EFCD952558073200F3DC5E /* NotoSansKR-Regular.otf */,
				42EFCD982558073200F3DC5E /* NotoSansKR-Thin.otf */,
			);
			path = Fonts;
			sourceTree = "<group>";
		};
		428DC353255EB4F300A4A7B5 /* Fonts */ = {
			isa = PBXGroup;
			children = (
				428DC356255EB4F400A4A7B5 /* Openas.ttf */,
				428DC358255EB4F400A4A7B5 /* NotoSansKR-Black.otf */,
				428DC355255EB4F400A4A7B5 /* NotoSansKR-Bold.otf */,
				428DC354255EB4F300A4A7B5 /* NotoSansKR-Light.otf */,
				428DC359255EB4F400A4A7B5 /* NotoSansKR-Medium.otf */,
				428DC357255EB4F400A4A7B5 /* NotoSansKR-Regular.otf */,
				428DC35A255EB4F400A4A7B5 /* NotoSansKR-Thin.otf */,
			);
			path = Fonts;
			sourceTree = "<group>";
		};
		42B79D3E253ED242003A8A7F /* Widget */ = {
			isa = PBXGroup;
			children = (
				42364EA224B0CFB9008427D5 /* Fonts */,
				42B79D3F253ED242003A8A7F /* Widget.swift */,
				42B79D8C253FD7D7003A8A7F /* NextMealWidget.swift */,
				42F73BA6253FF4BF008E8B25 /* DailyMealWidget.swift */,
				42B79D41253ED243003A8A7F /* Assets.xcassets */,
				42B79D43253ED243003A8A7F /* Info.plist */,
			);
			path = Widget;
			sourceTree = "<group>";
		};
/* End PBXGroup section */

/* Begin PBXNativeTarget section */
		08C9ABE424A74A53002AF525 /* dimigoin */ = {
			isa = PBXNativeTarget;
			buildConfigurationList = 08C9ABF924A74A54002AF525 /* Build configuration list for PBXNativeTarget "dimigoin" */;
			buildPhases = (
				08C9ABE124A74A53002AF525 /* Sources */,
				08C9ABE224A74A53002AF525 /* Frameworks */,
				08C9ABE324A74A53002AF525 /* Resources */,
				429FD88B24B202DA003A49AF /* Embed App Extensions */,
				426974A525464533006417F1 /* Embed Watch Content */,
			);
			buildRules = (
			);
			dependencies = (
				42B79D45253ED243003A8A7F /* PBXTargetDependency */,
			);
			name = dimigoin;
			packageProductDependencies = (
				42F632D124CACFC400F1F439 /* SPAlert */,
				42C4E4D224CEA8E3004EC6AF /* Alamofire */,
				42B6DE9A24DBE5E700B1E299 /* SwiftyJSON */,
				4299F4F62555865600D5E081 /* JWTDecode */,
			);
			productName = dimigoin;
			productReference = 08C9ABE524A74A53002AF525 /* DimigoIN.app */;
			productType = "com.apple.product-type.application";
		};
		42B79D3A253ED242003A8A7F /* WidgetExtension */ = {
			isa = PBXNativeTarget;
			buildConfigurationList = 42B79D47253ED243003A8A7F /* Build configuration list for PBXNativeTarget "WidgetExtension" */;
			buildPhases = (
				42B79D37253ED242003A8A7F /* Sources */,
				42B79D38253ED242003A8A7F /* Frameworks */,
				42B79D39253ED242003A8A7F /* Resources */,
			);
			buildRules = (
			);
			dependencies = (
			);
			name = WidgetExtension;
			packageProductDependencies = (
				42B79D74253FD56D003A8A7F /* SPAlert */,
				42B79D7B253FD5FE003A8A7F /* Alamofire */,
				42B79D7D253FD601003A8A7F /* SwiftyJSON */,
				42C72C0E255B5A0900E3294E /* JWTDecode */,
			);
			productName = WidgetExtension;
			productReference = 42B79D3B253ED242003A8A7F /* WidgetExtension.appex */;
			productType = "com.apple.product-type.app-extension";
		};
/* End PBXNativeTarget section */

/* Begin PBXProject section */
		08C9ABDD24A74A53002AF525 /* Project object */ = {
			isa = PBXProject;
			attributes = {
				LastSwiftUpdateCheck = 1210;
				LastUpgradeCheck = 1200;
				ORGANIZATIONNAME = seohun;
				TargetAttributes = {
					08C9ABE424A74A53002AF525 = {
						CreatedOnToolsVersion = 11.5;
					};
					42B79D3A253ED242003A8A7F = {
						CreatedOnToolsVersion = 12.0.1;
					};
				};
			};
			buildConfigurationList = 08C9ABE024A74A53002AF525 /* Build configuration list for PBXProject "dimigoin" */;
			compatibilityVersion = "Xcode 12.0";
			developmentRegion = en;
			hasScannedForEncodings = 0;
			knownRegions = (
				en,
				Base,
			);
			mainGroup = 08C9ABDC24A74A53002AF525;
			packageReferences = (
				42F632D024CACFC400F1F439 /* XCRemoteSwiftPackageReference "SPAlert" */,
				42C4E4D124CEA8E3004EC6AF /* XCRemoteSwiftPackageReference "Alamofire" */,
				42B6DE9924DBE5E700B1E299 /* XCRemoteSwiftPackageReference "SwiftyJSON" */,
				4299F4F52555865600D5E081 /* XCRemoteSwiftPackageReference "JWTDecode.swift" */,
			);
			productRefGroup = 08C9ABE624A74A53002AF525 /* Products */;
			projectDirPath = "";
			projectRoot = "";
			targets = (
				08C9ABE424A74A53002AF525 /* dimigoin */,
				42B79D3A253ED242003A8A7F /* WidgetExtension */,
			);
		};
/* End PBXProject section */

/* Begin PBXResourcesBuildPhase section */
		08C9ABE324A74A53002AF525 /* Resources */ = {
			isa = PBXResourcesBuildPhase;
			buildActionMask = 2147483647;
			files = (
				42EFCDA12558073200F3DC5E /* NotoSansKR-Regular.otf in Resources */,
				42EFCDA92558073200F3DC5E /* NotoSansKR-Medium.otf in Resources */,
				42EFCDA52558073200F3DC5E /* NotoSansKR-Black.otf in Resources */,
				42EFCD992558073200F3DC5E /* NotoSansKR-Bold.otf in Resources */,
				42EFCDAD2558073200F3DC5E /* NotoSansKR-Thin.otf in Resources */,
				42DBE5A92536BABE00E5F4EA /* Openas.ttf in Resources */,
				42EFCD9D2558073200F3DC5E /* NotoSansKR-Light.otf in Resources */,
				08C9ABF524A74A54002AF525 /* LaunchScreen.storyboard in Resources */,
				08C9ABF224A74A54002AF525 /* Preview Assets.xcassets in Resources */,
				08C9ABEF24A74A54002AF525 /* Assets.xcassets in Resources */,
			);
			runOnlyForDeploymentPostprocessing = 0;
		};
		42B79D39253ED242003A8A7F /* Resources */ = {
			isa = PBXResourcesBuildPhase;
			buildActionMask = 2147483647;
			files = (
				42EFCDAA2558073200F3DC5E /* NotoSansKR-Medium.otf in Resources */,
				42EFCDA62558073200F3DC5E /* NotoSansKR-Black.otf in Resources */,
				42EFCD9A2558073200F3DC5E /* NotoSansKR-Bold.otf in Resources */,
				42EFCDA22558073200F3DC5E /* NotoSansKR-Regular.otf in Resources */,
				42F73BAD25400F5D008E8B25 /* Openas.ttf in Resources */,
				42EFCD9E2558073200F3DC5E /* NotoSansKR-Light.otf in Resources */,
				42B79D71253F2D5D003A8A7F /* Assets.xcassets in Resources */,
				42B79D42253ED243003A8A7F /* Assets.xcassets in Resources */,
				42EFCDAE2558073200F3DC5E /* NotoSansKR-Thin.otf in Resources */,
			);
			runOnlyForDeploymentPostprocessing = 0;
		};
/* End PBXResourcesBuildPhase section */

/* Begin PBXSourcesBuildPhase section */
		08C9ABE124A74A53002AF525 /* Sources */ = {
			isa = PBXSourcesBuildPhase;
			buildActionMask = 2147483647;
			files = (
				08C9AC1724A74A83002AF525 /* MainView.swift in Sources */,
				42C72C052559FED900E3294E /* StudentIdCardView.swift in Sources */,
				42EFCE042558340000F3DC5E /* MealItem.swift in Sources */,
				086CC54D24AF816200456846 /* VSpacer.swift in Sources */,
				08C9ABE924A74A53002AF525 /* AppDelegate.swift in Sources */,
				42C487CA24DDB73000C594CB /* CopyrightText.swift in Sources */,
				088E5D4D24A889CB0031342D /* CardViewModifier.swift in Sources */,
				42EFCDF025581D4E00F3DC5E /* MealView.swift in Sources */,
				42EFCE20255851B500F3DC5E /* IngangView.swift in Sources */,
				42EFCDD82558188100F3DC5E /* TapBar.swift in Sources */,
				428DC35E255EC40F00A4A7B5 /* WeeklyMealView.swift in Sources */,
				4212D98024CC124B00FF82D5 /* DateTime.swift in Sources */,
				083D74F524A778AA00989B47 /* Notice.swift in Sources */,
				429F8C79253B42A70068E3FD /* Options.swift in Sources */,
				4250012625595F9E00C593CF /* Alert.swift in Sources */,
				083D74F324A7783300989B47 /* Meal.swift in Sources */,
				42EFCDE625581C4500F3DC5E /* HomeView.swift in Sources */,
				08C9AC1C24A74A83002AF525 /* IngangItem.swift in Sources */,
				423A9EEA24E026EC00E046BE /* OptionView.swift in Sources */,
				086CC54F24AF819400456846 /* HSpacer.swift in Sources */,
				08C9AC1424A74A83002AF525 /* LoginView.swift in Sources */,
				4212D98324CC6A0400FF82D5 /* User.swift in Sources */,
				08C9AC1124A74A83002AF525 /* Ingang.swift in Sources */,
				42364EAC24B14E02008427D5 /* KeyboardResponsive.swift in Sources */,
				08C9AC1024A74A83002AF525 /* TextFieldModifier.swift in Sources */,
				42EFCE16255848C300F3DC5E /* LocationSelection.swift in Sources */,
				083D74F924A77A9E00989B47 /* Tokens.swift in Sources */,
				42EFCDD22558141000F3DC5E /* AssignView.swift in Sources */,
				42D7B19925586B1800FEC96B /* SnapScrollModifier.swift in Sources */,
				42EFCE2E255852DD00F3DC5E /* ViewTitle.swift in Sources */,
				42EFCDFE255829B100F3DC5E /* SectionHeader.swift in Sources */,
				423B71F424B1B3F60099CE3E /* CustomBoxModifier.swift in Sources */,
				08C9ABEB24A74A53002AF525 /* SceneDelegate.swift in Sources */,
				423B71F024B191AF0099CE3E /* ClearButton.swift in Sources */,
				086CC55124AF849D00456846 /* TextStyles.swift in Sources */,
				4288B938253E57260022B11A /* Notification.swift in Sources */,
				08B8493D24A90432000A9ACD /* Timetable.swift in Sources */,
				42C72C15255B614800E3294E /* Carousel.swift in Sources */,
				08C9ABED24A74A53002AF525 /* ContentView.swift in Sources */,
				4250011C25595C2900C593CF /* AlertView.swift in Sources */,
			);
			runOnlyForDeploymentPostprocessing = 0;
		};
		42B79D37253ED242003A8A7F /* Sources */ = {
			isa = PBXSourcesBuildPhase;
			buildActionMask = 2147483647;
			files = (
				420D92712557F79F00CDF76A /* HSpacer.swift in Sources */,
				42B79D84253FD678003A8A7F /* Meal.swift in Sources */,
				42B79D40253ED242003A8A7F /* Widget.swift in Sources */,
				42F73BA8253FF4BF008E8B25 /* DailyMealWidget.swift in Sources */,
				420D9285255800C700CDF76A /* CopyrightText.swift in Sources */,
				420D92672557F79300CDF76A /* TextStyles.swift in Sources */,
				42B79D8D253FD7D7003A8A7F /* NextMealWidget.swift in Sources */,
				42B79D78253FD5F4003A8A7F /* User.swift in Sources */,
				42B79D63253F2B91003A8A7F /* DateTime.swift in Sources */,
				42B79D57253F28CB003A8A7F /* Timetable.swift in Sources */,
				420D927B2557F7A200CDF76A /* VSpacer.swift in Sources */,
				42B79D81253FD674003A8A7F /* Tokens.swift in Sources */,
			);
			runOnlyForDeploymentPostprocessing = 0;
		};
/* End PBXSourcesBuildPhase section */

/* Begin PBXTargetDependency section */
		42B79D45253ED243003A8A7F /* PBXTargetDependency */ = {
			isa = PBXTargetDependency;
			target = 42B79D3A253ED242003A8A7F /* WidgetExtension */;
			targetProxy = 42B79D44253ED243003A8A7F /* PBXContainerItemProxy */;
		};
/* End PBXTargetDependency section */

/* Begin PBXVariantGroup section */
		08C9ABF324A74A54002AF525 /* LaunchScreen.storyboard */ = {
			isa = PBXVariantGroup;
			children = (
				08C9ABF424A74A54002AF525 /* Base */,
			);
			name = LaunchScreen.storyboard;
			sourceTree = "<group>";
		};
/* End PBXVariantGroup section */

/* Begin XCBuildConfiguration section */
		08C9ABF724A74A54002AF525 /* Debug */ = {
			isa = XCBuildConfiguration;
			buildSettings = {
				ALWAYS_SEARCH_USER_PATHS = NO;
				CLANG_ANALYZER_NONNULL = YES;
				CLANG_ANALYZER_NUMBER_OBJECT_CONVERSION = YES_AGGRESSIVE;
				CLANG_CXX_LANGUAGE_STANDARD = "gnu++14";
				CLANG_CXX_LIBRARY = "libc++";
				CLANG_ENABLE_MODULES = YES;
				CLANG_ENABLE_OBJC_ARC = YES;
				CLANG_ENABLE_OBJC_WEAK = YES;
				CLANG_WARN_BLOCK_CAPTURE_AUTORELEASING = YES;
				CLANG_WARN_BOOL_CONVERSION = YES;
				CLANG_WARN_COMMA = YES;
				CLANG_WARN_CONSTANT_CONVERSION = YES;
				CLANG_WARN_DEPRECATED_OBJC_IMPLEMENTATIONS = YES;
				CLANG_WARN_DIRECT_OBJC_ISA_USAGE = YES_ERROR;
				CLANG_WARN_DOCUMENTATION_COMMENTS = YES;
				CLANG_WARN_EMPTY_BODY = YES;
				CLANG_WARN_ENUM_CONVERSION = YES;
				CLANG_WARN_INFINITE_RECURSION = YES;
				CLANG_WARN_INT_CONVERSION = YES;
				CLANG_WARN_NON_LITERAL_NULL_CONVERSION = YES;
				CLANG_WARN_OBJC_IMPLICIT_RETAIN_SELF = YES;
				CLANG_WARN_OBJC_LITERAL_CONVERSION = YES;
				CLANG_WARN_OBJC_ROOT_CLASS = YES_ERROR;
				CLANG_WARN_QUOTED_INCLUDE_IN_FRAMEWORK_HEADER = YES;
				CLANG_WARN_RANGE_LOOP_ANALYSIS = YES;
				CLANG_WARN_STRICT_PROTOTYPES = YES;
				CLANG_WARN_SUSPICIOUS_MOVE = YES;
				CLANG_WARN_UNGUARDED_AVAILABILITY = YES_AGGRESSIVE;
				CLANG_WARN_UNREACHABLE_CODE = YES;
				CLANG_WARN__DUPLICATE_METHOD_MATCH = YES;
				COPY_PHASE_STRIP = NO;
				DEBUG_INFORMATION_FORMAT = dwarf;
				ENABLE_STRICT_OBJC_MSGSEND = YES;
				ENABLE_TESTABILITY = YES;
				GCC_C_LANGUAGE_STANDARD = gnu11;
				GCC_DYNAMIC_NO_PIC = NO;
				GCC_NO_COMMON_BLOCKS = YES;
				GCC_OPTIMIZATION_LEVEL = 0;
				GCC_PREPROCESSOR_DEFINITIONS = (
					"DEBUG=1",
					"$(inherited)",
				);
				GCC_WARN_64_TO_32_BIT_CONVERSION = YES;
				GCC_WARN_ABOUT_RETURN_TYPE = YES_ERROR;
				GCC_WARN_UNDECLARED_SELECTOR = YES;
				GCC_WARN_UNINITIALIZED_AUTOS = YES_AGGRESSIVE;
				GCC_WARN_UNUSED_FUNCTION = YES;
				GCC_WARN_UNUSED_VARIABLE = YES;
				IPHONEOS_DEPLOYMENT_TARGET = 13.5;
				MTL_ENABLE_DEBUG_INFO = INCLUDE_SOURCE;
				MTL_FAST_MATH = YES;
				ONLY_ACTIVE_ARCH = YES;
				SDKROOT = iphoneos;
				SWIFT_ACTIVE_COMPILATION_CONDITIONS = DEBUG;
				SWIFT_OPTIMIZATION_LEVEL = "-Onone";
			};
			name = Debug;
		};
		08C9ABF824A74A54002AF525 /* Release */ = {
			isa = XCBuildConfiguration;
			buildSettings = {
				ALWAYS_SEARCH_USER_PATHS = NO;
				CLANG_ANALYZER_NONNULL = YES;
				CLANG_ANALYZER_NUMBER_OBJECT_CONVERSION = YES_AGGRESSIVE;
				CLANG_CXX_LANGUAGE_STANDARD = "gnu++14";
				CLANG_CXX_LIBRARY = "libc++";
				CLANG_ENABLE_MODULES = YES;
				CLANG_ENABLE_OBJC_ARC = YES;
				CLANG_ENABLE_OBJC_WEAK = YES;
				CLANG_WARN_BLOCK_CAPTURE_AUTORELEASING = YES;
				CLANG_WARN_BOOL_CONVERSION = YES;
				CLANG_WARN_COMMA = YES;
				CLANG_WARN_CONSTANT_CONVERSION = YES;
				CLANG_WARN_DEPRECATED_OBJC_IMPLEMENTATIONS = YES;
				CLANG_WARN_DIRECT_OBJC_ISA_USAGE = YES_ERROR;
				CLANG_WARN_DOCUMENTATION_COMMENTS = YES;
				CLANG_WARN_EMPTY_BODY = YES;
				CLANG_WARN_ENUM_CONVERSION = YES;
				CLANG_WARN_INFINITE_RECURSION = YES;
				CLANG_WARN_INT_CONVERSION = YES;
				CLANG_WARN_NON_LITERAL_NULL_CONVERSION = YES;
				CLANG_WARN_OBJC_IMPLICIT_RETAIN_SELF = YES;
				CLANG_WARN_OBJC_LITERAL_CONVERSION = YES;
				CLANG_WARN_OBJC_ROOT_CLASS = YES_ERROR;
				CLANG_WARN_QUOTED_INCLUDE_IN_FRAMEWORK_HEADER = YES;
				CLANG_WARN_RANGE_LOOP_ANALYSIS = YES;
				CLANG_WARN_STRICT_PROTOTYPES = YES;
				CLANG_WARN_SUSPICIOUS_MOVE = YES;
				CLANG_WARN_UNGUARDED_AVAILABILITY = YES_AGGRESSIVE;
				CLANG_WARN_UNREACHABLE_CODE = YES;
				CLANG_WARN__DUPLICATE_METHOD_MATCH = YES;
				COPY_PHASE_STRIP = NO;
				DEBUG_INFORMATION_FORMAT = "dwarf-with-dsym";
				ENABLE_NS_ASSERTIONS = NO;
				ENABLE_STRICT_OBJC_MSGSEND = YES;
				GCC_C_LANGUAGE_STANDARD = gnu11;
				GCC_NO_COMMON_BLOCKS = YES;
				GCC_WARN_64_TO_32_BIT_CONVERSION = YES;
				GCC_WARN_ABOUT_RETURN_TYPE = YES_ERROR;
				GCC_WARN_UNDECLARED_SELECTOR = YES;
				GCC_WARN_UNINITIALIZED_AUTOS = YES_AGGRESSIVE;
				GCC_WARN_UNUSED_FUNCTION = YES;
				GCC_WARN_UNUSED_VARIABLE = YES;
				IPHONEOS_DEPLOYMENT_TARGET = 13.5;
				MTL_ENABLE_DEBUG_INFO = NO;
				MTL_FAST_MATH = YES;
				SDKROOT = iphoneos;
				SWIFT_COMPILATION_MODE = wholemodule;
				SWIFT_OPTIMIZATION_LEVEL = "-O";
				VALIDATE_PRODUCT = YES;
			};
			name = Release;
		};
		08C9ABFA24A74A54002AF525 /* Debug */ = {
			isa = XCBuildConfiguration;
			buildSettings = {
				ALWAYS_EMBED_SWIFT_STANDARD_LIBRARIES = YES;
				ASSETCATALOG_COMPILER_APPICON_NAME = AppIcon;
				CODE_SIGN_IDENTITY = "Apple Development";
				CODE_SIGN_STYLE = Automatic;
				CURRENT_PROJECT_VERSION = 1;
				DEVELOPMENT_ASSET_PATHS = "\"dimigoin/Preview Content\"";
				DEVELOPMENT_TEAM = 9MGM27T9ZC;
				ENABLE_PREVIEWS = YES;
				IBSC_MODULE = "오늘의 급식";
				INFOPLIST_FILE = dimigoin/Application/Info.plist;
				LD_RUNPATH_SEARCH_PATHS = (
					"$(inherited)",
					"@executable_path/Frameworks",
				);
				MARKETING_VERSION = 1.3.1;
				PRODUCT_BUNDLE_IDENTIFIER = com.dimigoin.v3;
				PRODUCT_NAME = DimigoIN;
				PROVISIONING_PROFILE_SPECIFIER = "";
				SWIFT_VERSION = 5.0;
				TARGETED_DEVICE_FAMILY = "1,2";
			};
			name = Debug;
		};
		08C9ABFB24A74A54002AF525 /* Release */ = {
			isa = XCBuildConfiguration;
			buildSettings = {
				ALWAYS_EMBED_SWIFT_STANDARD_LIBRARIES = YES;
				ASSETCATALOG_COMPILER_APPICON_NAME = AppIcon;
				CODE_SIGN_IDENTITY = "Apple Development";
				CODE_SIGN_STYLE = Automatic;
				CURRENT_PROJECT_VERSION = 1;
				DEVELOPMENT_ASSET_PATHS = "\"dimigoin/Preview Content\"";
				DEVELOPMENT_TEAM = 9MGM27T9ZC;
				ENABLE_PREVIEWS = YES;
				IBSC_MODULE = "오늘의 급식";
				INFOPLIST_FILE = dimigoin/Application/Info.plist;
				LD_RUNPATH_SEARCH_PATHS = (
					"$(inherited)",
					"@executable_path/Frameworks",
				);
				MARKETING_VERSION = 1.3.1;
				PRODUCT_BUNDLE_IDENTIFIER = com.dimigoin.v3;
				PRODUCT_NAME = DimigoIN;
				PROVISIONING_PROFILE_SPECIFIER = "";
				SWIFT_VERSION = 5.0;
				TARGETED_DEVICE_FAMILY = "1,2";
			};
			name = Release;
		};
		42B79D48253ED243003A8A7F /* Debug */ = {
			isa = XCBuildConfiguration;
			buildSettings = {
				ASSETCATALOG_COMPILER_GLOBAL_ACCENT_COLOR_NAME = AccentColor;
				ASSETCATALOG_COMPILER_WIDGET_BACKGROUND_COLOR_NAME = WidgetBackground;
				CODE_SIGN_STYLE = Automatic;
				CURRENT_PROJECT_VERSION = 1;
				DEVELOPMENT_TEAM = 9MGM27T9ZC;
				INFOPLIST_FILE = Widget/Info.plist;
				IPHONEOS_DEPLOYMENT_TARGET = 14.0;
				LD_RUNPATH_SEARCH_PATHS = (
					"$(inherited)",
					"@executable_path/Frameworks",
					"@executable_path/../../Frameworks",
				);
				MARKETING_VERSION = 1.3.1;
				PRODUCT_BUNDLE_IDENTIFIER = com.dimigoin.v3.Widget;
				PRODUCT_NAME = "$(TARGET_NAME)";
				SKIP_INSTALL = YES;
				SWIFT_VERSION = 5.0;
				TARGETED_DEVICE_FAMILY = "1,2";
			};
			name = Debug;
		};
		42B79D49253ED243003A8A7F /* Release */ = {
			isa = XCBuildConfiguration;
			buildSettings = {
				ASSETCATALOG_COMPILER_GLOBAL_ACCENT_COLOR_NAME = AccentColor;
				ASSETCATALOG_COMPILER_WIDGET_BACKGROUND_COLOR_NAME = WidgetBackground;
				CODE_SIGN_STYLE = Automatic;
				CURRENT_PROJECT_VERSION = 1;
				DEVELOPMENT_TEAM = 9MGM27T9ZC;
				INFOPLIST_FILE = Widget/Info.plist;
				IPHONEOS_DEPLOYMENT_TARGET = 14.0;
				LD_RUNPATH_SEARCH_PATHS = (
					"$(inherited)",
					"@executable_path/Frameworks",
					"@executable_path/../../Frameworks",
				);
				MARKETING_VERSION = 1.3.1;
				PRODUCT_BUNDLE_IDENTIFIER = com.dimigoin.v3.Widget;
				PRODUCT_NAME = "$(TARGET_NAME)";
				SKIP_INSTALL = YES;
				SWIFT_VERSION = 5.0;
				TARGETED_DEVICE_FAMILY = "1,2";
			};
			name = Release;
		};
/* End XCBuildConfiguration section */

/* Begin XCConfigurationList section */
		08C9ABE024A74A53002AF525 /* Build configuration list for PBXProject "dimigoin" */ = {
			isa = XCConfigurationList;
			buildConfigurations = (
				08C9ABF724A74A54002AF525 /* Debug */,
				08C9ABF824A74A54002AF525 /* Release */,
			);
			defaultConfigurationIsVisible = 0;
			defaultConfigurationName = Release;
		};
		08C9ABF924A74A54002AF525 /* Build configuration list for PBXNativeTarget "dimigoin" */ = {
			isa = XCConfigurationList;
			buildConfigurations = (
				08C9ABFA24A74A54002AF525 /* Debug */,
				08C9ABFB24A74A54002AF525 /* Release */,
			);
			defaultConfigurationIsVisible = 0;
			defaultConfigurationName = Release;
		};
		42B79D47253ED243003A8A7F /* Build configuration list for PBXNativeTarget "WidgetExtension" */ = {
			isa = XCConfigurationList;
			buildConfigurations = (
				42B79D48253ED243003A8A7F /* Debug */,
				42B79D49253ED243003A8A7F /* Release */,
			);
			defaultConfigurationIsVisible = 0;
			defaultConfigurationName = Release;
		};
/* End XCConfigurationList section */

/* Begin XCRemoteSwiftPackageReference section */
		4299F4F52555865600D5E081 /* XCRemoteSwiftPackageReference "JWTDecode.swift" */ = {
			isa = XCRemoteSwiftPackageReference;
			repositoryURL = "https://github.com/auth0/JWTDecode.swift.git";
			requirement = {
				kind = upToNextMajorVersion;
				minimumVersion = 2.5.0;
			};
		};
		42B6DE9924DBE5E700B1E299 /* XCRemoteSwiftPackageReference "SwiftyJSON" */ = {
			isa = XCRemoteSwiftPackageReference;
			repositoryURL = "https://github.com/SwiftyJSON/SwiftyJSON.git";
			requirement = {
				kind = upToNextMajorVersion;
				minimumVersion = 5.0.0;
			};
		};
		42C4E4D124CEA8E3004EC6AF /* XCRemoteSwiftPackageReference "Alamofire" */ = {
			isa = XCRemoteSwiftPackageReference;
			repositoryURL = "https://github.com/Alamofire/Alamofire.git";
			requirement = {
				kind = upToNextMajorVersion;
				minimumVersion = 5.2.2;
			};
		};
		42F632D024CACFC400F1F439 /* XCRemoteSwiftPackageReference "SPAlert" */ = {
			isa = XCRemoteSwiftPackageReference;
			repositoryURL = "https://github.com/ivanvorobei/SPAlert";
			requirement = {
				kind = upToNextMajorVersion;
				minimumVersion = 2.1.4;
			};
		};
/* End XCRemoteSwiftPackageReference section */

/* Begin XCSwiftPackageProductDependency section */
		4299F4F62555865600D5E081 /* JWTDecode */ = {
			isa = XCSwiftPackageProductDependency;
			package = 4299F4F52555865600D5E081 /* XCRemoteSwiftPackageReference "JWTDecode.swift" */;
			productName = JWTDecode;
		};
		42B6DE9A24DBE5E700B1E299 /* SwiftyJSON */ = {
			isa = XCSwiftPackageProductDependency;
			package = 42B6DE9924DBE5E700B1E299 /* XCRemoteSwiftPackageReference "SwiftyJSON" */;
			productName = SwiftyJSON;
		};
		42B79D74253FD56D003A8A7F /* SPAlert */ = {
			isa = XCSwiftPackageProductDependency;
			package = 42F632D024CACFC400F1F439 /* XCRemoteSwiftPackageReference "SPAlert" */;
			productName = SPAlert;
		};
		42B79D7B253FD5FE003A8A7F /* Alamofire */ = {
			isa = XCSwiftPackageProductDependency;
			package = 42C4E4D124CEA8E3004EC6AF /* XCRemoteSwiftPackageReference "Alamofire" */;
			productName = Alamofire;
		};
		42B79D7D253FD601003A8A7F /* SwiftyJSON */ = {
			isa = XCSwiftPackageProductDependency;
			package = 42B6DE9924DBE5E700B1E299 /* XCRemoteSwiftPackageReference "SwiftyJSON" */;
			productName = SwiftyJSON;
		};
		42C4E4D224CEA8E3004EC6AF /* Alamofire */ = {
			isa = XCSwiftPackageProductDependency;
			package = 42C4E4D124CEA8E3004EC6AF /* XCRemoteSwiftPackageReference "Alamofire" */;
			productName = Alamofire;
		};
		42C72C0E255B5A0900E3294E /* JWTDecode */ = {
			isa = XCSwiftPackageProductDependency;
			package = 4299F4F52555865600D5E081 /* XCRemoteSwiftPackageReference "JWTDecode.swift" */;
			productName = JWTDecode;
		};
		42F632D124CACFC400F1F439 /* SPAlert */ = {
			isa = XCSwiftPackageProductDependency;
			package = 42F632D024CACFC400F1F439 /* XCRemoteSwiftPackageReference "SPAlert" */;
			productName = SPAlert;
		};
/* End XCSwiftPackageProductDependency section */
	};
	rootObject = 08C9ABDD24A74A53002AF525 /* Project object */;
}
