{
  "object": {
    "pins": [
      {
        "package": "Alamofire",
        "repositoryURL": "https://github.com/Alamofire/Alamofire",
        "state": {
          "branch": null,
          "revision": "9e0328127dfb801cefe8ac53a13c0c90a7770448",
          "version": "5.4.0"
        }
      },
      {
        "package": "CMLoadingButton",
        "repositoryURL": "https://github.com/Changemin/CMLoadingButton",
        "state": {
          "branch": null,
          "revision": "8ff6d59f2efcf4f831514d6f524fb242d0e8b2dc",
          "version": "1.0.0"
        }
      },
      {
        "package": "Kingfisher",
        "repositoryURL": "https://github.com/onevcat/Kingfisher",
        "state": {
          "branch": null,
          "revision": "2a10bf41da75599a9f8e872dbd44fe0155a2e00c",
          "version": "5.15.8"
        }
      },
      {
        "package": "SwiftyJSON",
        "repositoryURL": "https://github.com/SwiftyJSON/SwiftyJSON",
        "state": {
          "branch": null,
          "revision": "2b6054efa051565954e1d2b9da831680026cd768",
          "version": "5.0.0"
        }
      }
    ]
  },
  "version": 1
}
