{
  "object": {
    "pins": [
      {
        "package": "SPAlert",
        "repositoryURL": "https://github.com/ivanvorobei/SPAlert",
        "state": {
          "branch": null,
          "revision": "18862409586ac547bcdf8957cd96beb872fbc729",
          "version": "2.1.4"
        }
      }
    ]
  },
  "version": 1
}
