{
  "object": {
    "pins": [
      {
        "package": "Alamofire",
        "repositoryURL": "https://github.com/Alamofire/Alamofire",
        "state": {
          "branch": null,
          "revision": "eaf6e622dd41b07b251d8f01752eab31bc811493",
          "version": "5.4.1"
        }
      },
      {
        "package": "CMLoadingButton",
        "repositoryURL": "https://github.com/Changemin/CMLoadingButton",
        "state": {
          "branch": null,
          "revision": "de8076e6142919cedd79172b28bdad07ba75268d",
          "version": "1.1.0"
        }
      },
      {
        "package": "DimigoinKit",
        "repositoryURL": "https://github.com/Changemin/DimigoinKit.git",
        "state": {
          "branch": null,
          "revision": "32ff1abb59889b6a6f0f6e08786cddafe23ce893",
          "version": "1.2.2"
        }
      },
      {
        "package": "SDWebImage",
        "repositoryURL": "https://github.com/SDWebImage/SDWebImage.git",
        "state": {
          "branch": null,
          "revision": "564d238f8814c4a82502336fd80b28a9d321ff47",
          "version": "5.10.2"
        }
      },
      {
        "package": "SDWebImageSwiftUI",
        "repositoryURL": "https://github.com/SDWebImage/SDWebImageSwiftUI",
        "state": {
          "branch": null,
          "revision": "4c7f169e39bc35d6b80d42b8eb8301bee9cd0907",
          "version": "1.5.0"
        }
      },
      {
        "package": "SwiftyJSON",
        "repositoryURL": "https://github.com/SwiftyJSON/SwiftyJSON",
        "state": {
          "branch": null,
          "revision": "2b6054efa051565954e1d2b9da831680026cd768",
          "version": "5.0.0"
        }
      }
    ]
  },
  "version": 1
}
